<?xml version="1.0" encoding="utf-8"?>
<Project ToolsVersion="4.0" xmlns="http://schemas.microsoft.com/developer/msbuild/2003">
  <ItemGroup>
    <Filter Include="Source Files">
      <UniqueIdentifier>{4FC737F1-C7A5-4376-A066-2A32D752A2FF}</UniqueIdentifier>
      <Extensions>cpp;c;cc;cxx;def;odl;idl;hpj;bat;asm;asmx</Extensions>
    </Filter>
    <Filter Include="Header Files">
      <UniqueIdentifier>{93995380-89BD-4b04-88EB-625FBE52EBFB}</UniqueIdentifier>
      <Extensions>h;hpp;hxx;hm;inl;inc;xsd</Extensions>
    </Filter>
    <Filter Include="Resource Files">
      <UniqueIdentifier>{67DA6AB6-F800-4c08-8B7A-83BB121AAD01}</UniqueIdentifier>
      <Extensions>rc;ico;cur;bmp;dlg;rc2;rct;bin;rgs;gif;jpg;jpeg;jpe;resx;tiff;tif;png;wav;mfcribbon-ms</Extensions>
    </Filter>
  </ItemGroup>
  <ItemGroup>
    <ClCompile Include="libmodplug\fastmix.cpp">
      <Filter>Source Files</Filter>
    </ClCompile>
    <ClCompile Include="libmodplug\load_669.cpp">
      <Filter>Source Files</Filter>
    </ClCompile>
    <ClCompile Include="libmodplug\load_abc.cpp">
      <Filter>Source Files</Filter>
    </ClCompile>
    <ClCompile Include="libmodplug\load_amf.cpp">
      <Filter>Source Files</Filter>
    </ClCompile>
    <ClCompile Include="libmodplug\load_ams.cpp">
      <Filter>Source Files</Filter>
    </ClCompile>
    <ClCompile Include="libmodplug\load_dbm.cpp">
      <Filter>Source Files</Filter>
    </ClCompile>
    <ClCompile Include="libmodplug\load_dmf.cpp">
      <Filter>Source Files</Filter>
    </ClCompile>
    <ClCompile Include="libmodplug\load_dsm.cpp">
      <Filter>Source Files</Filter>
    </ClCompile>
    <ClCompile Include="libmodplug\load_far.cpp">
      <Filter>Source Files</Filter>
    </ClCompile>
    <ClCompile Include="libmodplug\load_it.cpp">
      <Filter>Source Files</Filter>
    </ClCompile>
    <ClCompile Include="libmodplug\load_j2b.cpp">
      <Filter>Source Files</Filter>
    </ClCompile>
    <ClCompile Include="libmodplug\load_mdl.cpp">
      <Filter>Source Files</Filter>
    </ClCompile>
    <ClCompile Include="libmodplug\load_med.cpp">
      <Filter>Source Files</Filter>
    </ClCompile>
    <ClCompile Include="libmodplug\load_mid.cpp">
      <Filter>Source Files</Filter>
    </ClCompile>
    <ClCompile Include="libmodplug\load_mod.cpp">
      <Filter>Source Files</Filter>
    </ClCompile>
    <ClCompile Include="libmodplug\load_mt2.cpp">
      <Filter>Source Files</Filter>
    </ClCompile>
    <ClCompile Include="libmodplug\load_mtm.cpp">
      <Filter>Source Files</Filter>
    </ClCompile>
    <ClCompile Include="libmodplug\load_okt.cpp">
      <Filter>Source Files</Filter>
    </ClCompile>
    <ClCompile Include="libmodplug\load_pat.cpp">
      <Filter>Source Files</Filter>
    </ClCompile>
    <ClCompile Include="libmodplug\load_psm.cpp">
      <Filter>Source Files</Filter>
    </ClCompile>
    <ClCompile Include="libmodplug\load_ptm.cpp">
      <Filter>Source Files</Filter>
    </ClCompile>
    <ClCompile Include="libmodplug\load_s3m.cpp">
      <Filter>Source Files</Filter>
    </ClCompile>
    <ClCompile Include="libmodplug\load_stm.cpp">
      <Filter>Source Files</Filter>
    </ClCompile>
    <ClCompile Include="libmodplug\load_ult.cpp">
      <Filter>Source Files</Filter>
    </ClCompile>
    <ClCompile Include="libmodplug\load_umx.cpp">
      <Filter>Source Files</Filter>
    </ClCompile>
    <ClCompile Include="libmodplug\load_wav.cpp">
      <Filter>Source Files</Filter>
    </ClCompile>
    <ClCompile Include="libmodplug\load_xm.cpp">
      <Filter>Source Files</Filter>
    </ClCompile>
    <ClCompile Include="libmodplug\mmcmp.cpp">
      <Filter>Source Files</Filter>
    </ClCompile>
    <ClCompile Include="libmodplug\modplug.cpp">
      <Filter>Source Files</Filter>
    </ClCompile>
    <ClCompile Include="libmodplug\snd_dsp.cpp">
      <Filter>Source Files</Filter>
    </ClCompile>
    <ClCompile Include="libmodplug\snd_flt.cpp">
      <Filter>Source Files</Filter>
    </ClCompile>
    <ClCompile Include="libmodplug\snd_fx.cpp">
      <Filter>Source Files</Filter>
    </ClCompile>
    <ClCompile Include="libmodplug\sndfile.cpp">
      <Filter>Source Files</Filter>
    </ClCompile>
    <ClCompile Include="libmodplug\sndmix.cpp">
      <Filter>Source Files</Filter>
    </ClCompile>
  </ItemGroup>
  <ItemGroup>
    <ClInclude Include="libmodplug\load_pat.h">
      <Filter>Header Files</Filter>
    </ClInclude>
    <ClInclude Include="libmodplug\modplug.h">
      <Filter>Header Files</Filter>
    </ClInclude>
    <ClInclude Include="libmodplug\tables.h">
      <Filter>Header Files</Filter>
    </ClInclude>
  </ItemGroup>
</Project>