<?xml version="1.0" encoding="utf-8"?>
<Project ToolsVersion="4.0" xmlns="http://schemas.microsoft.com/developer/msbuild/2003">
  <ItemGroup>
    <Filter Include="Dialogs">
      <UniqueIdentifier>{53990eef-5d13-4259-b3e5-9e49e8c7ae8d}</UniqueIdentifier>
    </Filter>
    <Filter Include="General">
      <UniqueIdentifier>{f7d552f7-3fec-4baa-b8a5-cadc09d10893}</UniqueIdentifier>
    </Filter>
    <Filter Include="Main Editor">
      <UniqueIdentifier>{fef8e5a6-0991-4153-8f52-5d3f2da4e9d5}</UniqueIdentifier>
    </Filter>
    <Filter Include="Main Editor\UI Elements">
      <UniqueIdentifier>{f2373f73-d7a8-4389-a7d0-1b55a7511024}</UniqueIdentifier>
    </Filter>
    <Filter Include="Main Editor\UI Elements\EntryPanel">
      <UniqueIdentifier>{0355b563-40d6-4783-b213-61d8271580d7}</UniqueIdentifier>
    </Filter>
    <Filter Include="Main Editor\UI Elements\TextureXEditor">
      <UniqueIdentifier>{68f7e12d-ec2c-42a8-8c84-f26092dd8c1f}</UniqueIdentifier>
    </Filter>
    <Filter Include="Map Editor">
      <UniqueIdentifier>{e7c66597-c337-43fc-bedc-5e753bf3ddb8}</UniqueIdentifier>
    </Filter>
    <Filter Include="Map Editor\UI Elements">
      <UniqueIdentifier>{d4677dbf-fb1f-45ef-9d81-5e63d8539139}</UniqueIdentifier>
    </Filter>
    <Filter Include="Map Editor\SLADEMap">
      <UniqueIdentifier>{fe62c46a-6958-43f8-912e-d4a1bf97c10b}</UniqueIdentifier>
    </Filter>
    <Filter Include="Resources">
      <UniqueIdentifier>{d64306f1-d31f-41ea-9c7d-216cd339fe06}</UniqueIdentifier>
    </Filter>
    <Filter Include="Resources\Archive">
      <UniqueIdentifier>{186bc297-c8b4-4c2d-b577-b663901227b8}</UniqueIdentifier>
    </Filter>
    <Filter Include="Resources\Binary Control Lumps">
      <UniqueIdentifier>{d01d3677-f00e-4933-b65c-688a19cb3264}</UniqueIdentifier>
    </Filter>
    <Filter Include="Resources\Graphics">
      <UniqueIdentifier>{04a700d1-4c59-4db0-8c1b-7f55d079dbdc}</UniqueIdentifier>
    </Filter>
    <Filter Include="Resources\Graphics\Image">
      <UniqueIdentifier>{2282b917-8937-43a4-946a-3d44fc79c9aa}</UniqueIdentifier>
    </Filter>
    <Filter Include="Resources\Graphics\Palette">
      <UniqueIdentifier>{91874625-b386-4240-be30-42817f5916bd}</UniqueIdentifier>
    </Filter>
    <Filter Include="Resources\Graphics\Composite Texture">
      <UniqueIdentifier>{26f9c0ed-fcab-4243-977a-b0caec429bde}</UniqueIdentifier>
    </Filter>
    <Filter Include="Resources\Graphics\Font">
      <UniqueIdentifier>{a67c614b-3c23-4e50-8a01-6dd9e96388b9}</UniqueIdentifier>
    </Filter>
    <Filter Include="UI Elements">
      <UniqueIdentifier>{ec031215-840a-462e-b238-3ad04f542e91}</UniqueIdentifier>
    </Filter>
    <Filter Include="UI Elements\Browser">
      <UniqueIdentifier>{2bb47c0d-bf68-47e1-bc1c-ce7926a17d1a}</UniqueIdentifier>
    </Filter>
    <Filter Include="Resources\Archive\EntryType">
      <UniqueIdentifier>{d894001c-5335-4237-9b18-60440a1e6a60}</UniqueIdentifier>
    </Filter>
    <Filter Include="UI Elements\TextEditor">
      <UniqueIdentifier>{54fbf714-855d-444d-885d-1e12f9df2ef7}</UniqueIdentifier>
    </Filter>
    <Filter Include="General\Utility">
      <UniqueIdentifier>{3bdecab8-98a4-45cf-ab63-fe6368271c60}</UniqueIdentifier>
    </Filter>
    <Filter Include="General\Utility\PropertyList">
      <UniqueIdentifier>{363ddaab-2da0-45fb-8fc2-042e5c6723c4}</UniqueIdentifier>
    </Filter>
    <Filter Include="UI Elements\Lists">
      <UniqueIdentifier>{13cacd50-0c22-431c-b94e-2fc031b1c3dc}</UniqueIdentifier>
    </Filter>
    <Filter Include="Resources\Archive\EntryType\EntryDataFormat">
      <UniqueIdentifier>{c59be1fa-5ac3-471b-8512-cf3695aeac84}</UniqueIdentifier>
    </Filter>
    <Filter Include="General\Console">
      <UniqueIdentifier>{511149d3-5ded-4b1c-b004-d65769996d9d}</UniqueIdentifier>
    </Filter>
    <Filter Include="Dialogs\Preferences">
      <UniqueIdentifier>{22c29a05-108c-473f-a3cc-a3a235cea9e5}</UniqueIdentifier>
    </Filter>
    <Filter Include="External">
      <UniqueIdentifier>{b8ed0eb6-a1df-4b4b-8a59-d56cf99d842b}</UniqueIdentifier>
    </Filter>
    <Filter Include="External\Mus2Mid">
      <UniqueIdentifier>{dda863ce-2d21-48cb-9de4-44e8e63b1326}</UniqueIdentifier>
    </Filter>
    <Filter Include="External\BZip2">
      <UniqueIdentifier>{0c79342f-fa5a-4bf9-af74-0a9be8b1fdf6}</UniqueIdentifier>
    </Filter>
    <Filter Include="External\Lzma">
      <UniqueIdentifier>{9bcac562-c222-403d-98d8-186f578a87a6}</UniqueIdentifier>
    </Filter>
    <Filter Include="External\ZReaders">
      <UniqueIdentifier>{5e648a80-c228-40a7-9817-b3e2695df54e}</UniqueIdentifier>
    </Filter>
    <Filter Include="External\ZLib">
      <UniqueIdentifier>{1ca86170-39c5-4615-bb20-8f2d2fc14c42}</UniqueIdentifier>
    </Filter>
    <Filter Include="Resources\Archive\Formats">
      <UniqueIdentifier>{844561dc-871c-4534-ba8a-768af5269000}</UniqueIdentifier>
    </Filter>
    <Filter Include="Resources\Graphics\Image\Formats">
      <UniqueIdentifier>{544047dd-0bbf-43a3-b6ec-6f90661fad4c}</UniqueIdentifier>
    </Filter>
    <Filter Include="Map Editor\GameConfiguration">
      <UniqueIdentifier>{d3422c45-1960-43b3-b586-6baffde25566}</UniqueIdentifier>
    </Filter>
    <Filter Include="External\GLEW">
      <UniqueIdentifier>{a00649c9-b965-468e-8890-7338d43e5e39}</UniqueIdentifier>
    </Filter>
    <Filter Include="Map Editor\UI Elements\MapObjectPropsPanel">
      <UniqueIdentifier>{682d8ffc-a877-4ad6-9fda-704467efe0da}</UniqueIdentifier>
    </Filter>
    <Filter Include="Map Editor\GameConfiguration\Configurations">
      <UniqueIdentifier>{22412251-8001-4a47-b40f-114f27e933b9}</UniqueIdentifier>
    </Filter>
    <Filter Include="UI Elements\SToolBar">
      <UniqueIdentifier>{8a2b5ffe-17e4-4358-a572-8e338e14c933}</UniqueIdentifier>
    </Filter>
    <Filter Include="External\CodeLite Notebook Art">
      <UniqueIdentifier>{a0b955c7-f8c3-4ccf-94dd-2137c2dd6b5d}</UniqueIdentifier>
    </Filter>
    <Filter Include="External\sfMod">
      <UniqueIdentifier>{5ecd0756-5410-456d-b7d8-69e3ab5098bf}</UniqueIdentifier>
    </Filter>
    <Filter Include="Map Editor\UI Elements\Overlays">
      <UniqueIdentifier>{373e0e80-3aef-4e5a-b892-d9bf8b525878}</UniqueIdentifier>
    </Filter>
    <Filter Include="Map Editor\Script Editor">
      <UniqueIdentifier>{d49c5796-7d32-4213-adba-acc042385491}</UniqueIdentifier>
    </Filter>
    <Filter Include="External\Lua">
      <UniqueIdentifier>{f31c9d96-4290-4a38-91d0-fb9955293323}</UniqueIdentifier>
    </Filter>
    <Filter Include="Map Editor\GameConfiguration\Configurations\Games">
      <UniqueIdentifier>{f7e22cd9-1773-4f0d-8c9d-9f0c5d0c3ae0}</UniqueIdentifier>
    </Filter>
    <Filter Include="Map Editor\GameConfiguration\Configurations\Ports">
      <UniqueIdentifier>{71f26981-aa9b-4ed8-b732-6d07a6c57faf}</UniqueIdentifier>
    </Filter>
    <Filter Include="Map Editor\GameConfiguration\Configurations\Games\Include">
      <UniqueIdentifier>{eb1cd360-5f18-4f10-adbc-df5bc762285b}</UniqueIdentifier>
    </Filter>
    <Filter Include="Map Editor\GameConfiguration\Configurations\Ports\Include">
      <UniqueIdentifier>{99eceb21-bb23-4972-bb7e-23a2cbe6de2b}</UniqueIdentifier>
    </Filter>
    <Filter Include="External\libmodplug">
      <UniqueIdentifier>{d4a54f03-4a85-41e3-8cc0-f8268538d3bd}</UniqueIdentifier>
    </Filter>
    <Filter Include="Dialogs\SetupWizard">
      <UniqueIdentifier>{90dc0f0c-92e7-414e-a30b-76c8c288e615}</UniqueIdentifier>
    </Filter>
    <Filter Include="Map Editor\UI Elements\Overlays\Info">
      <UniqueIdentifier>{0818b646-e0fb-4903-a683-74d0c149675b}</UniqueIdentifier>
    </Filter>
    <Filter Include="Map Editor\UI Elements\Dialogs">
      <UniqueIdentifier>{76701b85-f3f6-418f-b84e-cddfc761072f}</UniqueIdentifier>
    </Filter>
  </ItemGroup>
  <ItemGroup>
    <ClCompile Include="src\GfxConvDialog.cpp">
      <Filter>Dialogs</Filter>
    </ClCompile>
    <ClCompile Include="src\ModifyOffsetsDialog.cpp">
      <Filter>Dialogs</Filter>
    </ClCompile>
    <ClCompile Include="src\PaletteDialog.cpp">
      <Filter>Dialogs</Filter>
    </ClCompile>
    <ClCompile Include="src\Clipboard.cpp">
      <Filter>General</Filter>
    </ClCompile>
    <ClCompile Include="src\CVar.cpp">
      <Filter>General</Filter>
    </ClCompile>
    <ClCompile Include="src\ListenerAnnouncer.cpp">
      <Filter>General</Filter>
    </ClCompile>
    <ClCompile Include="src\MainApp.cpp">
      <Filter>General</Filter>
    </ClCompile>
    <ClCompile Include="src\MemChunk.cpp">
      <Filter>General</Filter>
    </ClCompile>
    <ClCompile Include="src\Misc.cpp">
      <Filter>General</Filter>
    </ClCompile>
    <ClCompile Include="src\OpenGL.cpp">
      <Filter>General</Filter>
    </ClCompile>
    <ClCompile Include="src\WxStuff.cpp">
      <Filter>General</Filter>
    </ClCompile>
    <ClCompile Include="src\Property.cpp">
      <Filter>General\Utility\PropertyList</Filter>
    </ClCompile>
    <ClCompile Include="src\PropertyList.cpp">
      <Filter>General\Utility\PropertyList</Filter>
    </ClCompile>
    <ClCompile Include="src\EntryOperations.cpp">
      <Filter>Main Editor</Filter>
    </ClCompile>
    <ClCompile Include="src\MainWindow.cpp">
      <Filter>Main Editor</Filter>
    </ClCompile>
    <ClCompile Include="src\ArchiveManagerPanel.cpp">
      <Filter>Main Editor\UI Elements</Filter>
    </ClCompile>
    <ClCompile Include="src\AnimatedEntryPanel.cpp">
      <Filter>Main Editor\UI Elements\EntryPanel</Filter>
    </ClCompile>
    <ClCompile Include="src\DefaultEntryPanel.cpp">
      <Filter>Main Editor\UI Elements\EntryPanel</Filter>
    </ClCompile>
    <ClCompile Include="src\EntryPanel.cpp">
      <Filter>Main Editor\UI Elements\EntryPanel</Filter>
    </ClCompile>
    <ClCompile Include="src\GfxEntryPanel.cpp">
      <Filter>Main Editor\UI Elements\EntryPanel</Filter>
    </ClCompile>
    <ClCompile Include="src\PaletteEntryPanel.cpp">
      <Filter>Main Editor\UI Elements\EntryPanel</Filter>
    </ClCompile>
    <ClCompile Include="src\SwitchesEntryPanel.cpp">
      <Filter>Main Editor\UI Elements\EntryPanel</Filter>
    </ClCompile>
    <ClCompile Include="src\TextEntryPanel.cpp">
      <Filter>Main Editor\UI Elements\EntryPanel</Filter>
    </ClCompile>
    <ClCompile Include="src\PatchTablePanel.cpp">
      <Filter>Main Editor\UI Elements\TextureXEditor</Filter>
    </ClCompile>
    <ClCompile Include="src\TextureEditorPanel.cpp">
      <Filter>Main Editor\UI Elements\TextureXEditor</Filter>
    </ClCompile>
    <ClCompile Include="src\TextureXEditor.cpp">
      <Filter>Main Editor\UI Elements\TextureXEditor</Filter>
    </ClCompile>
    <ClCompile Include="src\MapEditorWindow.cpp">
      <Filter>Map Editor</Filter>
    </ClCompile>
    <ClCompile Include="src\MapCanvas.cpp">
      <Filter>Map Editor\UI Elements</Filter>
    </ClCompile>
    <ClCompile Include="src\MapLine.cpp">
      <Filter>Map Editor\SLADEMap</Filter>
    </ClCompile>
    <ClCompile Include="src\MapSector.cpp">
      <Filter>Map Editor\SLADEMap</Filter>
    </ClCompile>
    <ClCompile Include="src\MapSide.cpp">
      <Filter>Map Editor\SLADEMap</Filter>
    </ClCompile>
    <ClCompile Include="src\MapThing.cpp">
      <Filter>Map Editor\SLADEMap</Filter>
    </ClCompile>
    <ClCompile Include="src\MapVertex.cpp">
      <Filter>Map Editor\SLADEMap</Filter>
    </ClCompile>
    <ClCompile Include="src\Archive.cpp">
      <Filter>Resources\Archive</Filter>
    </ClCompile>
    <ClCompile Include="src\ArchiveEntry.cpp">
      <Filter>Resources\Archive</Filter>
    </ClCompile>
    <ClCompile Include="src\ArchiveManager.cpp">
      <Filter>Resources\Archive</Filter>
    </ClCompile>
    <ClCompile Include="src\AnimatedList.cpp">
      <Filter>Resources\Binary Control Lumps</Filter>
    </ClCompile>
    <ClCompile Include="src\SwitchesList.cpp">
      <Filter>Resources\Binary Control Lumps</Filter>
    </ClCompile>
    <ClCompile Include="src\GLTexture.cpp">
      <Filter>Resources\Graphics</Filter>
    </ClCompile>
    <ClCompile Include="src\Icons.cpp">
      <Filter>Resources\Graphics</Filter>
    </ClCompile>
    <ClCompile Include="src\SImage.cpp">
      <Filter>Resources\Graphics\Image</Filter>
    </ClCompile>
    <ClCompile Include="src\Palette.cpp">
      <Filter>Resources\Graphics\Palette</Filter>
    </ClCompile>
    <ClCompile Include="src\PaletteManager.cpp">
      <Filter>Resources\Graphics\Palette</Filter>
    </ClCompile>
    <ClCompile Include="src\CTexture.cpp">
      <Filter>Resources\Graphics\Composite Texture</Filter>
    </ClCompile>
    <ClCompile Include="src\PatchTable.cpp">
      <Filter>Resources\Graphics\Composite Texture</Filter>
    </ClCompile>
    <ClCompile Include="src\TextureXList.cpp">
      <Filter>Resources\Graphics\Composite Texture</Filter>
    </ClCompile>
    <ClCompile Include="src\ColourBox.cpp">
      <Filter>UI Elements</Filter>
    </ClCompile>
    <ClCompile Include="src\ConsolePanel.cpp">
      <Filter>UI Elements</Filter>
    </ClCompile>
    <ClCompile Include="src\CTextureCanvas.cpp">
      <Filter>UI Elements</Filter>
    </ClCompile>
    <ClCompile Include="src\GfxCanvas.cpp">
      <Filter>UI Elements</Filter>
    </ClCompile>
    <ClCompile Include="src\OGLCanvas.cpp">
      <Filter>UI Elements</Filter>
    </ClCompile>
    <ClCompile Include="src\PaletteCanvas.cpp">
      <Filter>UI Elements</Filter>
    </ClCompile>
    <ClCompile Include="src\PaletteChooser.cpp">
      <Filter>UI Elements</Filter>
    </ClCompile>
    <ClCompile Include="src\SplashWindow.cpp">
      <Filter>UI Elements</Filter>
    </ClCompile>
    <ClCompile Include="src\EntryType.cpp">
      <Filter>Resources\Archive\EntryType</Filter>
    </ClCompile>
    <ClCompile Include="src\TextEditor.cpp">
      <Filter>UI Elements\TextEditor</Filter>
    </ClCompile>
    <ClCompile Include="src\TextLanguage.cpp">
      <Filter>UI Elements\TextEditor</Filter>
    </ClCompile>
    <ClCompile Include="src\Tree.cpp">
      <Filter>General\Utility</Filter>
    </ClCompile>
    <ClCompile Include="src\Tokenizer.cpp">
      <Filter>General\Utility</Filter>
    </ClCompile>
    <ClCompile Include="src\Parser.cpp">
      <Filter>General\Utility</Filter>
    </ClCompile>
    <ClCompile Include="src\ArchiveEntryList.cpp">
      <Filter>UI Elements\Lists</Filter>
    </ClCompile>
    <ClCompile Include="src\ListView.cpp">
      <Filter>UI Elements\Lists</Filter>
    </ClCompile>
    <ClCompile Include="src\EntryDataFormat.cpp">
      <Filter>Resources\Archive\EntryType\EntryDataFormat</Filter>
    </ClCompile>
    <ClCompile Include="src\VirtualListView.cpp">
      <Filter>UI Elements\Lists</Filter>
    </ClCompile>
    <ClCompile Include="src\ArchivePanel.cpp">
      <Filter>Main Editor\UI Elements</Filter>
    </ClCompile>
    <ClCompile Include="src\TextureXPanel.cpp">
      <Filter>Main Editor\UI Elements\TextureXEditor</Filter>
    </ClCompile>
    <ClCompile Include="src\BaseResourceChooser.cpp">
      <Filter>Main Editor\UI Elements</Filter>
    </ClCompile>
    <ClCompile Include="src\BrowserItem.cpp">
      <Filter>UI Elements\Browser</Filter>
    </ClCompile>
    <ClCompile Include="src\BrowserWindow.cpp">
      <Filter>UI Elements\Browser</Filter>
    </ClCompile>
    <ClCompile Include="src\Console.cpp">
      <Filter>General\Console</Filter>
    </ClCompile>
    <ClCompile Include="src\SImageFormats.cpp">
      <Filter>Resources\Graphics\Image</Filter>
    </ClCompile>
    <ClCompile Include="src\PatchBrowser.cpp">
      <Filter>Main Editor\UI Elements\TextureXEditor</Filter>
    </ClCompile>
    <ClCompile Include="src\HexEntryPanel.cpp">
      <Filter>Main Editor\UI Elements\EntryPanel</Filter>
    </ClCompile>
    <ClCompile Include="src\HexEditorPanel.cpp">
      <Filter>UI Elements</Filter>
    </ClCompile>
    <ClCompile Include="src\MapEntryPanel.cpp">
      <Filter>Main Editor\UI Elements\EntryPanel</Filter>
    </ClCompile>
    <ClCompile Include="src\ArchiveOperations.cpp">
      <Filter>Main Editor</Filter>
    </ClCompile>
    <ClCompile Include="src\TextStyle.cpp">
      <Filter>UI Elements\TextEditor</Filter>
    </ClCompile>
    <ClCompile Include="src\AudioEntryPanel.cpp">
      <Filter>Main Editor\UI Elements\EntryPanel</Filter>
    </ClCompile>
    <ClCompile Include="src\Conversions.cpp">
      <Filter>Main Editor</Filter>
    </ClCompile>
    <ClCompile Include="src\MIDIPlayer.cpp">
      <Filter>General</Filter>
    </ClCompile>
    <ClCompile Include="src\BrowserCanvas.cpp">
      <Filter>UI Elements\Browser</Filter>
    </ClCompile>
    <ClCompile Include="src\CodePages.cpp">
      <Filter>General\Utility</Filter>
    </ClCompile>
    <ClCompile Include="src\ANSIEntryPanel.cpp">
      <Filter>Main Editor\UI Elements\EntryPanel</Filter>
    </ClCompile>
    <ClCompile Include="src\ANSICanvas.cpp">
      <Filter>UI Elements</Filter>
    </ClCompile>
    <ClCompile Include="src\SFont.cpp">
      <Filter>Resources\Graphics\Font</Filter>
    </ClCompile>
    <ClCompile Include="src\ExtMessageDialog.cpp">
      <Filter>Dialogs</Filter>
    </ClCompile>
    <ClCompile Include="src\ZTextureEditorPanel.cpp">
      <Filter>Main Editor\UI Elements\TextureXEditor</Filter>
    </ClCompile>
    <ClCompile Include="src\ResourceManager.cpp">
      <Filter>Resources</Filter>
    </ClCompile>
    <ClCompile Include="src\Translation.cpp">
      <Filter>Resources\Graphics</Filter>
    </ClCompile>
    <ClCompile Include="src\MathStuff.cpp">
      <Filter>General\Utility</Filter>
    </ClCompile>
    <ClCompile Include="src\SAction.cpp">
      <Filter>General</Filter>
    </ClCompile>
    <ClCompile Include="src\TranslationEditorDialog.cpp">
      <Filter>Dialogs</Filter>
    </ClCompile>
    <ClCompile Include="src\mus2mid\mus2mid.cpp">
      <Filter>External\Mus2Mid</Filter>
    </ClCompile>
    <ClCompile Include="src\bzip2\blocksort.c">
      <Filter>External\BZip2</Filter>
    </ClCompile>
    <ClCompile Include="src\bzip2\bzlib.c">
      <Filter>External\BZip2</Filter>
    </ClCompile>
    <ClCompile Include="src\bzip2\compress.c">
      <Filter>External\BZip2</Filter>
    </ClCompile>
    <ClCompile Include="src\bzip2\crctable.c">
      <Filter>External\BZip2</Filter>
    </ClCompile>
    <ClCompile Include="src\bzip2\decompress.c">
      <Filter>External\BZip2</Filter>
    </ClCompile>
    <ClCompile Include="src\bzip2\huffman.c">
      <Filter>External\BZip2</Filter>
    </ClCompile>
    <ClCompile Include="src\bzip2\randtable.c">
      <Filter>External\BZip2</Filter>
    </ClCompile>
    <ClCompile Include="src\Compression.cpp">
      <Filter>General\Utility</Filter>
    </ClCompile>
    <ClCompile Include="src\zreaders\ancientzip.cpp">
      <Filter>External\ZReaders</Filter>
    </ClCompile>
    <ClCompile Include="src\zreaders\files.cpp">
      <Filter>External\ZReaders</Filter>
    </ClCompile>
    <ClCompile Include="src\zreaders\m_alloc.cpp">
      <Filter>External\ZReaders</Filter>
    </ClCompile>
    <ClCompile Include="src\zlib\adler32.c">
      <Filter>External\ZLib</Filter>
    </ClCompile>
    <ClCompile Include="src\zlib\crc32.c">
      <Filter>External\ZLib</Filter>
    </ClCompile>
    <ClCompile Include="src\zlib\deflate.c">
      <Filter>External\ZLib</Filter>
    </ClCompile>
    <ClCompile Include="src\zlib\gzio.c">
      <Filter>External\ZLib</Filter>
    </ClCompile>
    <ClCompile Include="src\zlib\infback.c">
      <Filter>External\ZLib</Filter>
    </ClCompile>
    <ClCompile Include="src\zlib\inffast.c">
      <Filter>External\ZLib</Filter>
    </ClCompile>
    <ClCompile Include="src\zlib\inflate.c">
      <Filter>External\ZLib</Filter>
    </ClCompile>
    <ClCompile Include="src\zlib\inftrees.c">
      <Filter>External\ZLib</Filter>
    </ClCompile>
    <ClCompile Include="src\zlib\trees.c">
      <Filter>External\ZLib</Filter>
    </ClCompile>
    <ClCompile Include="src\zlib\uncompr.c">
      <Filter>External\ZLib</Filter>
    </ClCompile>
    <ClCompile Include="src\zlib\zutil.c">
      <Filter>External\ZLib</Filter>
    </ClCompile>
    <ClCompile Include="src\lzma\C\7zAlloc.c">
      <Filter>External\Lzma</Filter>
    </ClCompile>
    <ClCompile Include="src\lzma\C\7zBuf.c">
      <Filter>External\Lzma</Filter>
    </ClCompile>
    <ClCompile Include="src\lzma\C\7zBuf2.c">
      <Filter>External\Lzma</Filter>
    </ClCompile>
    <ClCompile Include="src\lzma\C\7zCrc.c">
      <Filter>External\Lzma</Filter>
    </ClCompile>
    <ClCompile Include="src\lzma\C\7zCrcOpt.c">
      <Filter>External\Lzma</Filter>
    </ClCompile>
    <ClCompile Include="src\lzma\C\7zDec.c">
      <Filter>External\Lzma</Filter>
    </ClCompile>
    <ClCompile Include="src\lzma\C\7zFile.c">
      <Filter>External\Lzma</Filter>
    </ClCompile>
    <ClCompile Include="src\lzma\C\7zIn.c">
      <Filter>External\Lzma</Filter>
    </ClCompile>
    <ClCompile Include="src\lzma\C\7zStream.c">
      <Filter>External\Lzma</Filter>
    </ClCompile>
    <ClCompile Include="src\lzma\C\Alloc.c">
      <Filter>External\Lzma</Filter>
    </ClCompile>
    <ClCompile Include="src\lzma\C\Bcj2.c">
      <Filter>External\Lzma</Filter>
    </ClCompile>
    <ClCompile Include="src\lzma\C\Bra.c">
      <Filter>External\Lzma</Filter>
    </ClCompile>
    <ClCompile Include="src\lzma\C\Bra86.c">
      <Filter>External\Lzma</Filter>
    </ClCompile>
    <ClCompile Include="src\lzma\C\BraIA64.c">
      <Filter>External\Lzma</Filter>
    </ClCompile>
    <ClCompile Include="src\lzma\C\CpuArch.c">
      <Filter>External\Lzma</Filter>
    </ClCompile>
    <ClCompile Include="src\lzma\C\Delta.c">
      <Filter>External\Lzma</Filter>
    </ClCompile>
    <ClCompile Include="src\lzma\C\LzFind.c">
      <Filter>External\Lzma</Filter>
    </ClCompile>
    <ClCompile Include="src\lzma\C\LzFindMt.c">
      <Filter>External\Lzma</Filter>
    </ClCompile>
    <ClCompile Include="src\lzma\C\Lzma2Dec.c">
      <Filter>External\Lzma</Filter>
    </ClCompile>
    <ClCompile Include="src\lzma\C\Lzma2Enc.c">
      <Filter>External\Lzma</Filter>
    </ClCompile>
    <ClCompile Include="src\lzma\C\Lzma86Dec.c">
      <Filter>External\Lzma</Filter>
    </ClCompile>
    <ClCompile Include="src\lzma\C\Lzma86Enc.c">
      <Filter>External\Lzma</Filter>
    </ClCompile>
    <ClCompile Include="src\lzma\C\LzmaDec.c">
      <Filter>External\Lzma</Filter>
    </ClCompile>
    <ClCompile Include="src\lzma\C\LzmaEnc.c">
      <Filter>External\Lzma</Filter>
    </ClCompile>
    <ClCompile Include="src\lzma\C\LzmaLib.c">
      <Filter>External\Lzma</Filter>
    </ClCompile>
    <ClCompile Include="src\lzma\C\MtCoder.c">
      <Filter>External\Lzma</Filter>
    </ClCompile>
    <ClCompile Include="src\lzma\C\Ppmd7.c">
      <Filter>External\Lzma</Filter>
    </ClCompile>
    <ClCompile Include="src\lzma\C\Ppmd7Dec.c">
      <Filter>External\Lzma</Filter>
    </ClCompile>
    <ClCompile Include="src\lzma\C\Ppmd7Enc.c">
      <Filter>External\Lzma</Filter>
    </ClCompile>
    <ClCompile Include="src\lzma\C\Sha256.c">
      <Filter>External\Lzma</Filter>
    </ClCompile>
    <ClCompile Include="src\lzma\C\Threads.c">
      <Filter>External\Lzma</Filter>
    </ClCompile>
    <ClCompile Include="src\lzma\C\Xz.c">
      <Filter>External\Lzma</Filter>
    </ClCompile>
    <ClCompile Include="src\lzma\C\XzCrc64.c">
      <Filter>External\Lzma</Filter>
    </ClCompile>
    <ClCompile Include="src\lzma\C\XzDec.c">
      <Filter>External\Lzma</Filter>
    </ClCompile>
    <ClCompile Include="src\lzma\C\XzEnc.c">
      <Filter>External\Lzma</Filter>
    </ClCompile>
    <ClCompile Include="src\lzma\C\XzIn.c">
      <Filter>External\Lzma</Filter>
    </ClCompile>
    <ClCompile Include="src\ADatArchive.cpp">
      <Filter>Resources\Archive\Formats</Filter>
    </ClCompile>
    <ClCompile Include="src\BSPArchive.cpp">
      <Filter>Resources\Archive\Formats</Filter>
    </ClCompile>
    <ClCompile Include="src\BZip2Archive.cpp">
      <Filter>Resources\Archive\Formats</Filter>
    </ClCompile>
    <ClCompile Include="src\DatArchive.cpp">
      <Filter>Resources\Archive\Formats</Filter>
    </ClCompile>
    <ClCompile Include="src\GobArchive.cpp">
      <Filter>Resources\Archive\Formats</Filter>
    </ClCompile>
    <ClCompile Include="src\GrpArchive.cpp">
      <Filter>Resources\Archive\Formats</Filter>
    </ClCompile>
    <ClCompile Include="src\GZipArchive.cpp">
      <Filter>Resources\Archive\Formats</Filter>
    </ClCompile>
    <ClCompile Include="src\HogArchive.cpp">
      <Filter>Resources\Archive\Formats</Filter>
    </ClCompile>
    <ClCompile Include="src\LfdArchive.cpp">
      <Filter>Resources\Archive\Formats</Filter>
    </ClCompile>
    <ClCompile Include="src\LibArchive.cpp">
      <Filter>Resources\Archive\Formats</Filter>
    </ClCompile>
    <ClCompile Include="src\PakArchive.cpp">
      <Filter>Resources\Archive\Formats</Filter>
    </ClCompile>
    <ClCompile Include="src\ResArchive.cpp">
      <Filter>Resources\Archive\Formats</Filter>
    </ClCompile>
    <ClCompile Include="src\RffArchive.cpp">
      <Filter>Resources\Archive\Formats</Filter>
    </ClCompile>
    <ClCompile Include="src\TarArchive.cpp">
      <Filter>Resources\Archive\Formats</Filter>
    </ClCompile>
    <ClCompile Include="src\Wad2Archive.cpp">
      <Filter>Resources\Archive\Formats</Filter>
    </ClCompile>
    <ClCompile Include="src\WadArchive.cpp">
      <Filter>Resources\Archive\Formats</Filter>
    </ClCompile>
    <ClCompile Include="src\WadJArchive.cpp">
      <Filter>Resources\Archive\Formats</Filter>
    </ClCompile>
    <ClCompile Include="src\WolfArchive.cpp">
      <Filter>Resources\Archive\Formats</Filter>
    </ClCompile>
    <ClCompile Include="src\ZipArchive.cpp">
      <Filter>Resources\Archive\Formats</Filter>
    </ClCompile>
    <ClCompile Include="src\SIFormat.cpp">
      <Filter>Resources\Graphics\Image\Formats</Filter>
    </ClCompile>
    <ClCompile Include="src\Drawing.cpp">
      <Filter>General</Filter>
    </ClCompile>
    <ClCompile Include="src\DockPanel.cpp">
      <Filter>UI Elements</Filter>
    </ClCompile>
    <ClCompile Include="src\KeyBind.cpp">
      <Filter>General</Filter>
    </ClCompile>
    <ClCompile Include="src\SFileDialog.cpp">
      <Filter>General\Utility</Filter>
    </ClCompile>
    <ClCompile Include="src\ColourConfiguration.cpp">
      <Filter>General</Filter>
    </ClCompile>
    <ClCompile Include="src\MCAnimations.cpp">
      <Filter>Map Editor\UI Elements</Filter>
    </ClCompile>
    <ClCompile Include="src\MapTextureManager.cpp">
      <Filter>Map Editor</Filter>
    </ClCompile>
    <ClCompile Include="src\FileMonitor.cpp">
      <Filter>General</Filter>
    </ClCompile>
    <ClCompile Include="src\GameConfiguration.cpp">
      <Filter>Map Editor\GameConfiguration</Filter>
    </ClCompile>
    <ClCompile Include="src\ActionSpecial.cpp">
      <Filter>Map Editor\GameConfiguration</Filter>
    </ClCompile>
    <ClCompile Include="src\ThingType.cpp">
      <Filter>Map Editor\GameConfiguration</Filter>
    </ClCompile>
    <ClCompile Include="src\glew\glew.c">
      <Filter>External\GLEW</Filter>
    </ClCompile>
    <ClCompile Include="src\MapRenderer2D.cpp">
      <Filter>Map Editor</Filter>
    </ClCompile>
    <ClCompile Include="src\Polygon2D.cpp">
      <Filter>General\Utility</Filter>
    </ClCompile>
    <ClCompile Include="src\UDMFProperty.cpp">
      <Filter>Map Editor\GameConfiguration</Filter>
    </ClCompile>
    <ClCompile Include="src\MapObject.cpp">
      <Filter>Map Editor\SLADEMap</Filter>
    </ClCompile>
    <ClCompile Include="src\ThingTypeTreeView.cpp">
      <Filter>Map Editor\UI Elements</Filter>
    </ClCompile>
    <ClCompile Include="src\MapEditorConfigDialog.cpp">
      <Filter>Dialogs</Filter>
    </ClCompile>
    <ClCompile Include="src\MapObjectPropsPanel.cpp">
      <Filter>Map Editor\UI Elements\MapObjectPropsPanel</Filter>
    </ClCompile>
    <ClCompile Include="src\MOPGProperty.cpp">
      <Filter>Map Editor\UI Elements\MapObjectPropsPanel</Filter>
    </ClCompile>
    <ClCompile Include="src\SToolBar.cpp">
      <Filter>UI Elements\SToolBar</Filter>
    </ClCompile>
    <ClCompile Include="src\SToolBarButton.cpp">
      <Filter>UI Elements\SToolBar</Filter>
    </ClCompile>
    <ClCompile Include="src\MapPreviewCanvas.cpp">
      <Filter>UI Elements</Filter>
    </ClCompile>
    <ClCompile Include="src\cl_notebook_art\cl_aui_notebook_art.cpp">
      <Filter>External\CodeLite Notebook Art</Filter>
    </ClCompile>
    <ClCompile Include="src\sfMod\sfMod.cpp">
      <Filter>External\sfMod</Filter>
    </ClCompile>
    <ClCompile Include="src\SectorTextureOverlay.cpp">
      <Filter>Map Editor\UI Elements\Overlays</Filter>
    </ClCompile>
    <ClCompile Include="src\LineTextureOverlay.cpp">
      <Filter>Map Editor\UI Elements\Overlays</Filter>
    </ClCompile>
    <ClCompile Include="src\STopWindow.cpp">
      <Filter>UI Elements</Filter>
    </ClCompile>
    <ClCompile Include="src\SectorBuilder.cpp">
      <Filter>Map Editor</Filter>
    </ClCompile>
    <ClCompile Include="src\SLADEMap.cpp">
      <Filter>Map Editor\SLADEMap</Filter>
    </ClCompile>
    <ClCompile Include="src\NodeBuilders.cpp">
      <Filter>Map Editor</Filter>
    </ClCompile>
    <ClCompile Include="src\ShapeDrawPanel.cpp">
      <Filter>Map Editor\UI Elements</Filter>
    </ClCompile>
    <ClCompile Include="src\MapRenderer3D.cpp">
      <Filter>Map Editor</Filter>
    </ClCompile>
    <ClCompile Include="src\ScriptEditorPanel.cpp">
      <Filter>Map Editor\Script Editor</Filter>
    </ClCompile>
    <ClCompile Include="src\CIEDeltaEquations.cpp">
      <Filter>General\Utility</Filter>
    </ClCompile>
    <ClCompile Include="src\MapReplaceDialog.cpp">
      <Filter>Dialogs</Filter>
    </ClCompile>
    <ClCompile Include="src\Lua.cpp">
      <Filter>General</Filter>
    </ClCompile>
    <ClCompile Include="src\lua\lapi.c">
      <Filter>External\Lua</Filter>
    </ClCompile>
    <ClCompile Include="src\lua\lauxlib.c">
      <Filter>External\Lua</Filter>
    </ClCompile>
    <ClCompile Include="src\lua\lbaselib.c">
      <Filter>External\Lua</Filter>
    </ClCompile>
    <ClCompile Include="src\lua\lbitlib.c">
      <Filter>External\Lua</Filter>
    </ClCompile>
    <ClCompile Include="src\lua\lcode.c">
      <Filter>External\Lua</Filter>
    </ClCompile>
    <ClCompile Include="src\lua\lcorolib.c">
      <Filter>External\Lua</Filter>
    </ClCompile>
    <ClCompile Include="src\lua\lctype.c">
      <Filter>External\Lua</Filter>
    </ClCompile>
    <ClCompile Include="src\lua\ldblib.c">
      <Filter>External\Lua</Filter>
    </ClCompile>
    <ClCompile Include="src\lua\ldebug.c">
      <Filter>External\Lua</Filter>
    </ClCompile>
    <ClCompile Include="src\lua\ldo.c">
      <Filter>External\Lua</Filter>
    </ClCompile>
    <ClCompile Include="src\lua\ldump.c">
      <Filter>External\Lua</Filter>
    </ClCompile>
    <ClCompile Include="src\lua\lfunc.c">
      <Filter>External\Lua</Filter>
    </ClCompile>
    <ClCompile Include="src\lua\lgc.c">
      <Filter>External\Lua</Filter>
    </ClCompile>
    <ClCompile Include="src\lua\linit.c">
      <Filter>External\Lua</Filter>
    </ClCompile>
    <ClCompile Include="src\lua\liolib.c">
      <Filter>External\Lua</Filter>
    </ClCompile>
    <ClCompile Include="src\lua\llex.c">
      <Filter>External\Lua</Filter>
    </ClCompile>
    <ClCompile Include="src\lua\lmathlib.c">
      <Filter>External\Lua</Filter>
    </ClCompile>
    <ClCompile Include="src\lua\lmem.c">
      <Filter>External\Lua</Filter>
    </ClCompile>
    <ClCompile Include="src\lua\loadlib.c">
      <Filter>External\Lua</Filter>
    </ClCompile>
    <ClCompile Include="src\lua\lobject.c">
      <Filter>External\Lua</Filter>
    </ClCompile>
    <ClCompile Include="src\lua\lopcodes.c">
      <Filter>External\Lua</Filter>
    </ClCompile>
    <ClCompile Include="src\lua\loslib.c">
      <Filter>External\Lua</Filter>
    </ClCompile>
    <ClCompile Include="src\lua\lparser.c">
      <Filter>External\Lua</Filter>
    </ClCompile>
    <ClCompile Include="src\lua\lstate.c">
      <Filter>External\Lua</Filter>
    </ClCompile>
    <ClCompile Include="src\lua\lstring.c">
      <Filter>External\Lua</Filter>
    </ClCompile>
    <ClCompile Include="src\lua\lstrlib.c">
      <Filter>External\Lua</Filter>
    </ClCompile>
    <ClCompile Include="src\lua\ltable.c">
      <Filter>External\Lua</Filter>
    </ClCompile>
    <ClCompile Include="src\lua\ltablib.c">
      <Filter>External\Lua</Filter>
    </ClCompile>
    <ClCompile Include="src\lua\ltm.c">
      <Filter>External\Lua</Filter>
    </ClCompile>
    <ClCompile Include="src\lua\lundump.c">
      <Filter>External\Lua</Filter>
    </ClCompile>
    <ClCompile Include="src\lua\lvm.c">
      <Filter>External\Lua</Filter>
    </ClCompile>
    <ClCompile Include="src\lua\lzio.c">
      <Filter>External\Lua</Filter>
    </ClCompile>
    <ClCompile Include="src\UndoRedo.cpp">
      <Filter>General</Filter>
    </ClCompile>
    <ClCompile Include="src\UndoManagerHistoryPanel.cpp">
      <Filter>UI Elements</Filter>
    </ClCompile>
    <ClCompile Include="src\DiskArchive.cpp">
      <Filter>Resources\Archive\Formats</Filter>
    </ClCompile>
    <ClCompile Include="libmodplug\fastmix.cpp">
      <Filter>External\libmodplug</Filter>
    </ClCompile>
    <ClCompile Include="libmodplug\load_669.cpp">
      <Filter>External\libmodplug</Filter>
    </ClCompile>
    <ClCompile Include="libmodplug\load_abc.cpp">
      <Filter>External\libmodplug</Filter>
    </ClCompile>
    <ClCompile Include="libmodplug\load_amf.cpp">
      <Filter>External\libmodplug</Filter>
    </ClCompile>
    <ClCompile Include="libmodplug\load_ams.cpp">
      <Filter>External\libmodplug</Filter>
    </ClCompile>
    <ClCompile Include="libmodplug\load_dbm.cpp">
      <Filter>External\libmodplug</Filter>
    </ClCompile>
    <ClCompile Include="libmodplug\load_dmf.cpp">
      <Filter>External\libmodplug</Filter>
    </ClCompile>
    <ClCompile Include="libmodplug\load_dsm.cpp">
      <Filter>External\libmodplug</Filter>
    </ClCompile>
    <ClCompile Include="libmodplug\load_far.cpp">
      <Filter>External\libmodplug</Filter>
    </ClCompile>
    <ClCompile Include="libmodplug\load_it.cpp">
      <Filter>External\libmodplug</Filter>
    </ClCompile>
    <ClCompile Include="libmodplug\load_j2b.cpp">
      <Filter>External\libmodplug</Filter>
    </ClCompile>
    <ClCompile Include="libmodplug\load_mdl.cpp">
      <Filter>External\libmodplug</Filter>
    </ClCompile>
    <ClCompile Include="libmodplug\load_med.cpp">
      <Filter>External\libmodplug</Filter>
    </ClCompile>
    <ClCompile Include="libmodplug\load_mid.cpp">
      <Filter>External\libmodplug</Filter>
    </ClCompile>
    <ClCompile Include="libmodplug\load_mod.cpp">
      <Filter>External\libmodplug</Filter>
    </ClCompile>
    <ClCompile Include="libmodplug\load_mt2.cpp">
      <Filter>External\libmodplug</Filter>
    </ClCompile>
    <ClCompile Include="libmodplug\load_mtm.cpp">
      <Filter>External\libmodplug</Filter>
    </ClCompile>
    <ClCompile Include="libmodplug\load_okt.cpp">
      <Filter>External\libmodplug</Filter>
    </ClCompile>
    <ClCompile Include="libmodplug\load_pat.cpp">
      <Filter>External\libmodplug</Filter>
    </ClCompile>
    <ClCompile Include="libmodplug\load_psm.cpp">
      <Filter>External\libmodplug</Filter>
    </ClCompile>
    <ClCompile Include="libmodplug\load_ptm.cpp">
      <Filter>External\libmodplug</Filter>
    </ClCompile>
    <ClCompile Include="libmodplug\load_s3m.cpp">
      <Filter>External\libmodplug</Filter>
    </ClCompile>
    <ClCompile Include="libmodplug\load_stm.cpp">
      <Filter>External\libmodplug</Filter>
    </ClCompile>
    <ClCompile Include="libmodplug\load_ult.cpp">
      <Filter>External\libmodplug</Filter>
    </ClCompile>
    <ClCompile Include="libmodplug\load_umx.cpp">
      <Filter>External\libmodplug</Filter>
    </ClCompile>
    <ClCompile Include="libmodplug\load_wav.cpp">
      <Filter>External\libmodplug</Filter>
    </ClCompile>
    <ClCompile Include="libmodplug\load_xm.cpp">
      <Filter>External\libmodplug</Filter>
    </ClCompile>
    <ClCompile Include="libmodplug\mmcmp.cpp">
      <Filter>External\libmodplug</Filter>
    </ClCompile>
    <ClCompile Include="libmodplug\modplug.cpp">
      <Filter>External\libmodplug</Filter>
    </ClCompile>
    <ClCompile Include="libmodplug\snd_dsp.cpp">
      <Filter>External\libmodplug</Filter>
    </ClCompile>
    <ClCompile Include="libmodplug\snd_flt.cpp">
      <Filter>External\libmodplug</Filter>
    </ClCompile>
    <ClCompile Include="libmodplug\snd_fx.cpp">
      <Filter>External\libmodplug</Filter>
    </ClCompile>
    <ClCompile Include="libmodplug\sndfile.cpp">
      <Filter>External\libmodplug</Filter>
    </ClCompile>
    <ClCompile Include="libmodplug\sndmix.cpp">
      <Filter>External\libmodplug</Filter>
    </ClCompile>
    <ClCompile Include="src\GenLineSpecial.cpp">
      <Filter>Map Editor\GameConfiguration</Filter>
    </ClCompile>
    <ClCompile Include="src\MapEditor.cpp">
      <Filter>Map Editor</Filter>
    </ClCompile>
    <ClCompile Include="src\QuickTextureOverlay3d.cpp">
      <Filter>Map Editor\UI Elements\Overlays</Filter>
    </ClCompile>
    <ClCompile Include="src\GenLineSpecialPanel.cpp">
      <Filter>Map Editor\UI Elements</Filter>
    </ClCompile>
    <ClCompile Include="src\ObjectEdit.cpp">
      <Filter>Map Editor</Filter>
    </ClCompile>
    <ClCompile Include="src\ObjectEditPanel.cpp">
      <Filter>Map Editor\UI Elements</Filter>
    </ClCompile>
    <ClCompile Include="src\Dialogs\SetupWizard\BaseResourceWizardPage.cpp">
      <Filter>Dialogs\SetupWizard</Filter>
    </ClCompile>
    <ClCompile Include="src\Dialogs\SetupWizard\SetupWizardDialog.cpp">
      <Filter>Dialogs\SetupWizard</Filter>
    </ClCompile>
    <ClCompile Include="src\Dialogs\SetupWizard\TempFolderWizardPage.cpp">
      <Filter>Dialogs\SetupWizard</Filter>
    </ClCompile>
    <ClCompile Include="src\Dialogs\SetupWizard\NodeBuildersWizardPage.cpp">
      <Filter>Dialogs\SetupWizard</Filter>
    </ClCompile>
    <ClCompile Include="src\Dialogs\RunDialog.cpp">
      <Filter>Dialogs</Filter>
    </ClCompile>
    <ClCompile Include="src\Executables.cpp">
      <Filter>General</Filter>
    </ClCompile>
    <ClCompile Include="src\ResourceArchiveChooser.cpp">
      <Filter>UI Elements</Filter>
    </ClCompile>
    <ClCompile Include="src\MapChecks.cpp">
      <Filter>Map Editor</Filter>
    </ClCompile>
    <ClCompile Include="src\MobjPropertyList.cpp">
      <Filter>Map Editor\SLADEMap</Filter>
    </ClCompile>
    <ClCompile Include="src\MapChecksPanel.cpp">
      <Filter>Map Editor\UI Elements</Filter>
    </ClCompile>
    <ClCompile Include="src\zreaders\i_music.cpp">
      <Filter>External\ZReaders</Filter>
    </ClCompile>
    <ClCompile Include="src\zreaders\music_hmi_midiout.cpp">
      <Filter>External\ZReaders</Filter>
    </ClCompile>
    <ClCompile Include="src\zreaders\music_midistream.cpp">
      <Filter>External\ZReaders</Filter>
    </ClCompile>
    <ClCompile Include="src\zreaders\music_mus_midiout.cpp">
      <Filter>External\ZReaders</Filter>
    </ClCompile>
    <ClCompile Include="src\zreaders\music_smf_midiout.cpp">
      <Filter>External\ZReaders</Filter>
    </ClCompile>
    <ClCompile Include="src\zreaders\music_xmi_midiout.cpp">
      <Filter>External\ZReaders</Filter>
    </ClCompile>
    <ClCompile Include="src\DirArchive.cpp">
      <Filter>Resources\Archive\Formats</Filter>
    </ClCompile>
    <ClCompile Include="src\InfoOverlay3d.cpp">
      <Filter>Map Editor\UI Elements\Overlays\Info</Filter>
    </ClCompile>
    <ClCompile Include="src\LineInfoOverlay.cpp">
      <Filter>Map Editor\UI Elements\Overlays\Info</Filter>
    </ClCompile>
    <ClCompile Include="src\SectorInfoOverlay.cpp">
      <Filter>Map Editor\UI Elements\Overlays\Info</Filter>
    </ClCompile>
    <ClCompile Include="src\ThingInfoOverlay.cpp">
      <Filter>Map Editor\UI Elements\Overlays\Info</Filter>
    </ClCompile>
    <ClCompile Include="src\VertexInfoOverlay.cpp">
      <Filter>Map Editor\UI Elements\Overlays\Info</Filter>
    </ClCompile>
    <ClCompile Include="src\ActionSpecialDialog.cpp">
      <Filter>Map Editor\UI Elements\Dialogs</Filter>
    </ClCompile>
    <ClCompile Include="src\SectorSpecialDialog.cpp">
      <Filter>Map Editor\UI Elements\Dialogs</Filter>
    </ClCompile>
    <ClCompile Include="src\ThingTypeBrowser.cpp">
      <Filter>Map Editor\UI Elements\Dialogs</Filter>
    </ClCompile>
    <ClCompile Include="src\MapTextureBrowser.cpp">
      <Filter>Map Editor\UI Elements\Dialogs</Filter>
    </ClCompile>
    <ClCompile Include="src\ShowItemDialog.cpp">
      <Filter>Map Editor\UI Elements\Dialogs</Filter>
    </ClCompile>
    <ClCompile Include="src\Dialogs\Preferences\ACSPrefsPanel.cpp">
      <Filter>Dialogs\Preferences</Filter>
    </ClCompile>
    <ClCompile Include="src\Dialogs\Preferences\AdvancedPrefsPanel.cpp">
      <Filter>Dialogs\Preferences</Filter>
    </ClCompile>
    <ClCompile Include="src\Dialogs\Preferences\AudioPrefsPanel.cpp">
      <Filter>Dialogs\Preferences</Filter>
    </ClCompile>
    <ClCompile Include="src\Dialogs\Preferences\BaseResourceArchivesPanel.cpp">
      <Filter>Dialogs\Preferences</Filter>
    </ClCompile>
    <ClCompile Include="src\Dialogs\Preferences\ColorimetryPrefsPanel.cpp">
      <Filter>Dialogs\Preferences</Filter>
    </ClCompile>
    <ClCompile Include="src\Dialogs\Preferences\ColourPrefsPanel.cpp">
      <Filter>Dialogs\Preferences</Filter>
    </ClCompile>
    <ClCompile Include="src\Dialogs\Preferences\EditingPrefsPanel.cpp">
      <Filter>Dialogs\Preferences</Filter>
    </ClCompile>
    <ClCompile Include="src\Dialogs\Preferences\GeneralPrefsPanel.cpp">
      <Filter>Dialogs\Preferences</Filter>
    </ClCompile>
    <ClCompile Include="src\Dialogs\Preferences\GraphicsPrefsPanel.cpp">
      <Filter>Dialogs\Preferences</Filter>
    </ClCompile>
    <ClCompile Include="src\Dialogs\Preferences\HudOffsetsPrefsPanel.cpp">
      <Filter>Dialogs\Preferences</Filter>
    </ClCompile>
    <ClCompile Include="src\Dialogs\Preferences\InputPrefsPanel.cpp">
      <Filter>Dialogs\Preferences</Filter>
    </ClCompile>
    <ClCompile Include="src\Dialogs\Preferences\InterfacePrefsPanel.cpp">
      <Filter>Dialogs\Preferences</Filter>
    </ClCompile>
    <ClCompile Include="src\Dialogs\Preferences\Map3DPrefsPanel.cpp">
      <Filter>Dialogs\Preferences</Filter>
    </ClCompile>
    <ClCompile Include="src\Dialogs\Preferences\MapDisplayPrefsPanel.cpp">
      <Filter>Dialogs\Preferences</Filter>
    </ClCompile>
    <ClCompile Include="src\Dialogs\Preferences\MapEditorPrefsPanel.cpp">
      <Filter>Dialogs\Preferences</Filter>
    </ClCompile>
    <ClCompile Include="src\Dialogs\Preferences\NodesPrefsPanel.cpp">
      <Filter>Dialogs\Preferences</Filter>
    </ClCompile>
    <ClCompile Include="src\Dialogs\Preferences\OpenGLPrefsPanel.cpp">
      <Filter>Dialogs\Preferences</Filter>
    </ClCompile>
    <ClCompile Include="src\Dialogs\Preferences\PNGPrefsPanel.cpp">
      <Filter>Dialogs\Preferences</Filter>
    </ClCompile>
    <ClCompile Include="src\Dialogs\Preferences\PreferencesDialog.cpp">
      <Filter>Dialogs\Preferences</Filter>
    </ClCompile>
    <ClCompile Include="src\Dialogs\Preferences\TextEditorPrefsPanel.cpp">
      <Filter>Dialogs\Preferences</Filter>
    </ClCompile>
    <ClCompile Include="src\Dialogs\Preferences\TextStylePrefsPanel.cpp">
      <Filter>Dialogs\Preferences</Filter>
    </ClCompile>
    <ClCompile Include="src\SDialog.cpp">
      <Filter>UI Elements</Filter>
    </ClCompile>
    <ClCompile Include="src\LinePropsPanel.cpp">
      <Filter>Map Editor\UI Elements\MapObjectPropsPanel</Filter>
    </ClCompile>
    <ClCompile Include="src\SidePropsPanel.cpp">
      <Filter>Map Editor\UI Elements\MapObjectPropsPanel</Filter>
    </ClCompile>
    <ClCompile Include="src\SectorPropsPanel.cpp">
      <Filter>Map Editor\UI Elements\MapObjectPropsPanel</Filter>
    </ClCompile>
    <ClCompile Include="src\NumberTextCtrl.cpp">
      <Filter>UI Elements</Filter>
    </ClCompile>
    <ClCompile Include="src\ThingPropsPanel.cpp">
      <Filter>Map Editor\UI Elements\MapObjectPropsPanel</Filter>
    </ClCompile>
    <ClCompile Include="src\VersionCheck.cpp">
      <Filter>General</Filter>
    </ClCompile>
    <ClCompile Include="src\MapBackupManager.cpp">
      <Filter>Map Editor</Filter>
    </ClCompile>
    <ClCompile Include="src\MapBackupPanel.cpp">
      <Filter>Map Editor\UI Elements</Filter>
    </ClCompile>
    <ClCompile Include="src\DocsPage.cpp">
      <Filter>Main Editor\UI Elements</Filter>
    </ClCompile>
    <ClCompile Include="src\Dialogs\DirArchiveUpdateDialog.cpp">
      <Filter>Dialogs</Filter>
    </ClCompile>
  </ItemGroup>
  <ItemGroup>
    <ClInclude Include="src\GfxConvDialog.h">
      <Filter>Dialogs</Filter>
    </ClInclude>
    <ClInclude Include="src\ModifyOffsetsDialog.h">
      <Filter>Dialogs</Filter>
    </ClInclude>
    <ClInclude Include="src\PaletteDialog.h">
      <Filter>Dialogs</Filter>
    </ClInclude>
    <ClInclude Include="src\Clipboard.h">
      <Filter>General</Filter>
    </ClInclude>
    <ClInclude Include="src\CVar.h">
      <Filter>General</Filter>
    </ClInclude>
    <ClInclude Include="src\ListenerAnnouncer.h">
      <Filter>General</Filter>
    </ClInclude>
    <ClInclude Include="src\Main.h">
      <Filter>General</Filter>
    </ClInclude>
    <ClInclude Include="src\MainApp.h">
      <Filter>General</Filter>
    </ClInclude>
    <ClInclude Include="src\MemChunk.h">
      <Filter>General</Filter>
    </ClInclude>
    <ClInclude Include="src\Misc.h">
      <Filter>General</Filter>
    </ClInclude>
    <ClInclude Include="src\OpenGL.h">
      <Filter>General</Filter>
    </ClInclude>
    <ClInclude Include="src\WxStuff.h">
      <Filter>General</Filter>
    </ClInclude>
    <ClInclude Include="src\Property.h">
      <Filter>General\Utility\PropertyList</Filter>
    </ClInclude>
    <ClInclude Include="src\PropertyList.h">
      <Filter>General\Utility\PropertyList</Filter>
    </ClInclude>
    <ClInclude Include="src\EntryOperations.h">
      <Filter>Main Editor</Filter>
    </ClInclude>
    <ClInclude Include="src\MainWindow.h">
      <Filter>Main Editor</Filter>
    </ClInclude>
    <ClInclude Include="src\ArchiveManagerPanel.h">
      <Filter>Main Editor\UI Elements</Filter>
    </ClInclude>
    <ClInclude Include="src\AnimatedEntryPanel.h">
      <Filter>Main Editor\UI Elements\EntryPanel</Filter>
    </ClInclude>
    <ClInclude Include="src\DefaultEntryPanel.h">
      <Filter>Main Editor\UI Elements\EntryPanel</Filter>
    </ClInclude>
    <ClInclude Include="src\EntryPanel.h">
      <Filter>Main Editor\UI Elements\EntryPanel</Filter>
    </ClInclude>
    <ClInclude Include="src\GfxEntryPanel.h">
      <Filter>Main Editor\UI Elements\EntryPanel</Filter>
    </ClInclude>
    <ClInclude Include="src\PaletteEntryPanel.h">
      <Filter>Main Editor\UI Elements\EntryPanel</Filter>
    </ClInclude>
    <ClInclude Include="src\SwitchesEntryPanel.h">
      <Filter>Main Editor\UI Elements\EntryPanel</Filter>
    </ClInclude>
    <ClInclude Include="src\TextEntryPanel.h">
      <Filter>Main Editor\UI Elements\EntryPanel</Filter>
    </ClInclude>
    <ClInclude Include="src\PatchTablePanel.h">
      <Filter>Main Editor\UI Elements\TextureXEditor</Filter>
    </ClInclude>
    <ClInclude Include="src\TextureEditorPanel.h">
      <Filter>Main Editor\UI Elements\TextureXEditor</Filter>
    </ClInclude>
    <ClInclude Include="src\TextureXEditor.h">
      <Filter>Main Editor\UI Elements\TextureXEditor</Filter>
    </ClInclude>
    <ClInclude Include="src\MapEditorWindow.h">
      <Filter>Map Editor</Filter>
    </ClInclude>
    <ClInclude Include="src\MapCanvas.h">
      <Filter>Map Editor\UI Elements</Filter>
    </ClInclude>
    <ClInclude Include="src\MapLine.h">
      <Filter>Map Editor\SLADEMap</Filter>
    </ClInclude>
    <ClInclude Include="src\MapSector.h">
      <Filter>Map Editor\SLADEMap</Filter>
    </ClInclude>
    <ClInclude Include="src\MapSide.h">
      <Filter>Map Editor\SLADEMap</Filter>
    </ClInclude>
    <ClInclude Include="src\MapThing.h">
      <Filter>Map Editor\SLADEMap</Filter>
    </ClInclude>
    <ClInclude Include="src\MapVertex.h">
      <Filter>Map Editor\SLADEMap</Filter>
    </ClInclude>
    <ClInclude Include="src\SLADEMap.h">
      <Filter>Map Editor\SLADEMap</Filter>
    </ClInclude>
    <ClInclude Include="src\Archive.h">
      <Filter>Resources\Archive</Filter>
    </ClInclude>
    <ClInclude Include="src\ArchiveEntry.h">
      <Filter>Resources\Archive</Filter>
    </ClInclude>
    <ClInclude Include="src\ArchiveManager.h">
      <Filter>Resources\Archive</Filter>
    </ClInclude>
    <ClInclude Include="src\AnimatedList.h">
      <Filter>Resources\Binary Control Lumps</Filter>
    </ClInclude>
    <ClInclude Include="src\BinaryControlLump.h">
      <Filter>Resources\Binary Control Lumps</Filter>
    </ClInclude>
    <ClInclude Include="src\SwitchesList.h">
      <Filter>Resources\Binary Control Lumps</Filter>
    </ClInclude>
    <ClInclude Include="src\GLTexture.h">
      <Filter>Resources\Graphics</Filter>
    </ClInclude>
    <ClInclude Include="src\Icons.h">
      <Filter>Resources\Graphics</Filter>
    </ClInclude>
    <ClInclude Include="src\SImage.h">
      <Filter>Resources\Graphics\Image</Filter>
    </ClInclude>
    <ClInclude Include="src\Palette.h">
      <Filter>Resources\Graphics\Palette</Filter>
    </ClInclude>
    <ClInclude Include="src\PaletteManager.h">
      <Filter>Resources\Graphics\Palette</Filter>
    </ClInclude>
    <ClInclude Include="src\CTexture.h">
      <Filter>Resources\Graphics\Composite Texture</Filter>
    </ClInclude>
    <ClInclude Include="src\PatchTable.h">
      <Filter>Resources\Graphics\Composite Texture</Filter>
    </ClInclude>
    <ClInclude Include="src\TextureXList.h">
      <Filter>Resources\Graphics\Composite Texture</Filter>
    </ClInclude>
    <ClInclude Include="src\SFont.h">
      <Filter>Resources\Graphics\Font</Filter>
    </ClInclude>
    <ClInclude Include="resource.h" />
    <ClInclude Include="src\ColourBox.h">
      <Filter>UI Elements</Filter>
    </ClInclude>
    <ClInclude Include="src\ConsolePanel.h">
      <Filter>UI Elements</Filter>
    </ClInclude>
    <ClInclude Include="src\CTextureCanvas.h">
      <Filter>UI Elements</Filter>
    </ClInclude>
    <ClInclude Include="src\GfxCanvas.h">
      <Filter>UI Elements</Filter>
    </ClInclude>
    <ClInclude Include="src\OGLCanvas.h">
      <Filter>UI Elements</Filter>
    </ClInclude>
    <ClInclude Include="src\PaletteCanvas.h">
      <Filter>UI Elements</Filter>
    </ClInclude>
    <ClInclude Include="src\PaletteChooser.h">
      <Filter>UI Elements</Filter>
    </ClInclude>
    <ClInclude Include="src\SplashWindow.h">
      <Filter>UI Elements</Filter>
    </ClInclude>
    <ClInclude Include="src\EntryType.h">
      <Filter>Resources\Archive\EntryType</Filter>
    </ClInclude>
    <ClInclude Include="src\TextEditor.h">
      <Filter>UI Elements\TextEditor</Filter>
    </ClInclude>
    <ClInclude Include="src\TextLanguage.h">
      <Filter>UI Elements\TextEditor</Filter>
    </ClInclude>
    <ClInclude Include="src\Tree.h">
      <Filter>General\Utility</Filter>
    </ClInclude>
    <ClInclude Include="src\Tokenizer.h">
      <Filter>General\Utility</Filter>
    </ClInclude>
    <ClInclude Include="src\Structs.h">
      <Filter>General\Utility</Filter>
    </ClInclude>
    <ClInclude Include="src\Parser.h">
      <Filter>General\Utility</Filter>
    </ClInclude>
    <ClInclude Include="src\ArchiveEntryList.h">
      <Filter>UI Elements\Lists</Filter>
    </ClInclude>
    <ClInclude Include="src\ListView.h">
      <Filter>UI Elements\Lists</Filter>
    </ClInclude>
    <ClInclude Include="src\EntryDataFormat.h">
      <Filter>Resources\Archive\EntryType\EntryDataFormat</Filter>
    </ClInclude>
    <ClInclude Include="src\ArchiveFormats.h">
      <Filter>Resources\Archive\EntryType\EntryDataFormat</Filter>
    </ClInclude>
    <ClInclude Include="src\AudioFormats.h">
      <Filter>Resources\Archive\EntryType\EntryDataFormat</Filter>
    </ClInclude>
    <ClInclude Include="src\ImageFormats.h">
      <Filter>Resources\Archive\EntryType\EntryDataFormat</Filter>
    </ClInclude>
    <ClInclude Include="src\MiscFormats.h">
      <Filter>Resources\Archive\EntryType\EntryDataFormat</Filter>
    </ClInclude>
    <ClInclude Include="src\ModelFormats.h">
      <Filter>Resources\Archive\EntryType\EntryDataFormat</Filter>
    </ClInclude>
    <ClInclude Include="src\VirtualListView.h">
      <Filter>UI Elements\Lists</Filter>
    </ClInclude>
    <ClInclude Include="src\ArchivePanel.h">
      <Filter>Main Editor\UI Elements</Filter>
    </ClInclude>
    <ClInclude Include="src\TextureXPanel.h">
      <Filter>Main Editor\UI Elements\TextureXEditor</Filter>
    </ClInclude>
    <ClInclude Include="src\BrowserItem.h">
      <Filter>UI Elements\Browser</Filter>
    </ClInclude>
    <ClInclude Include="src\BrowserWindow.h">
      <Filter>UI Elements\Browser</Filter>
    </ClInclude>
    <ClInclude Include="src\BaseResourceChooser.h">
      <Filter>Main Editor\UI Elements</Filter>
    </ClInclude>
    <ClInclude Include="src\Console.h">
      <Filter>General\Console</Filter>
    </ClInclude>
    <ClInclude Include="src\ConsoleHelpers.h">
      <Filter>General\Console</Filter>
    </ClInclude>
    <ClInclude Include="src\PatchBrowser.h">
      <Filter>Main Editor\UI Elements\TextureXEditor</Filter>
    </ClInclude>
    <ClInclude Include="src\HexEntryPanel.h">
      <Filter>Main Editor\UI Elements\EntryPanel</Filter>
    </ClInclude>
    <ClInclude Include="src\HexEditorPanel.h">
      <Filter>UI Elements</Filter>
    </ClInclude>
    <ClInclude Include="src\MapEntryPanel.h">
      <Filter>Main Editor\UI Elements\EntryPanel</Filter>
    </ClInclude>
    <ClInclude Include="src\ArchiveOperations.h">
      <Filter>Main Editor</Filter>
    </ClInclude>
    <ClInclude Include="src\TextStyle.h">
      <Filter>UI Elements\TextEditor</Filter>
    </ClInclude>
    <ClInclude Include="src\AudioEntryPanel.h">
      <Filter>Main Editor\UI Elements\EntryPanel</Filter>
    </ClInclude>
    <ClInclude Include="src\Conversions.h">
      <Filter>Main Editor</Filter>
    </ClInclude>
    <ClInclude Include="src\MIDIPlayer.h">
      <Filter>General</Filter>
    </ClInclude>
    <ClInclude Include="src\BrowserCanvas.h">
      <Filter>UI Elements\Browser</Filter>
    </ClInclude>
    <ClInclude Include="src\CodePages.h">
      <Filter>General\Utility</Filter>
    </ClInclude>
    <ClInclude Include="src\ANSIEntryPanel.h">
      <Filter>Main Editor\UI Elements\EntryPanel</Filter>
    </ClInclude>
    <ClInclude Include="src\ANSICanvas.h">
      <Filter>UI Elements</Filter>
    </ClInclude>
    <ClInclude Include="src\ExtMessageDialog.h">
      <Filter>Dialogs</Filter>
    </ClInclude>
    <ClInclude Include="src\LumpFormats.h">
      <Filter>Resources\Archive\EntryType\EntryDataFormat</Filter>
    </ClInclude>
    <ClInclude Include="src\ZTextureEditorPanel.h">
      <Filter>Main Editor\UI Elements\TextureXEditor</Filter>
    </ClInclude>
    <ClInclude Include="src\ResourceManager.h">
      <Filter>Resources</Filter>
    </ClInclude>
    <ClInclude Include="src\Translation.h">
      <Filter>Resources\Graphics</Filter>
    </ClInclude>
    <ClInclude Include="src\MathStuff.h">
      <Filter>General\Utility</Filter>
    </ClInclude>
    <ClInclude Include="src\SAction.h">
      <Filter>General</Filter>
    </ClInclude>
    <ClInclude Include="src\TranslationEditorDialog.h">
      <Filter>Dialogs</Filter>
    </ClInclude>
    <ClInclude Include="src\mus2mid\mus2mid.h">
      <Filter>External\Mus2Mid</Filter>
    </ClInclude>
    <ClInclude Include="src\bzip2\bzlib.h">
      <Filter>External\BZip2</Filter>
    </ClInclude>
    <ClInclude Include="src\bzip2\bzlib_private.h">
      <Filter>External\BZip2</Filter>
    </ClInclude>
    <ClInclude Include="src\Compression.h">
      <Filter>General\Utility</Filter>
    </ClInclude>
    <ClInclude Include="src\zreaders\ancientzip.h">
      <Filter>External\ZReaders</Filter>
    </ClInclude>
    <ClInclude Include="src\zreaders\files.h">
      <Filter>External\ZReaders</Filter>
    </ClInclude>
    <ClInclude Include="src\zreaders\m_alloc.h">
      <Filter>External\ZReaders</Filter>
    </ClInclude>
    <ClInclude Include="src\zreaders\tarray.h">
      <Filter>External\ZReaders</Filter>
    </ClInclude>
    <ClInclude Include="src\zreaders\templates.h">
      <Filter>External\ZReaders</Filter>
    </ClInclude>
    <ClInclude Include="src\zlib\crc32.h">
      <Filter>External\ZLib</Filter>
    </ClInclude>
    <ClInclude Include="src\zlib\deflate.h">
      <Filter>External\ZLib</Filter>
    </ClInclude>
    <ClInclude Include="src\zlib\inffast.h">
      <Filter>External\ZLib</Filter>
    </ClInclude>
    <ClInclude Include="src\zlib\inffixed.h">
      <Filter>External\ZLib</Filter>
    </ClInclude>
    <ClInclude Include="src\zlib\inflate.h">
      <Filter>External\ZLib</Filter>
    </ClInclude>
    <ClInclude Include="src\zlib\inftrees.h">
      <Filter>External\ZLib</Filter>
    </ClInclude>
    <ClInclude Include="src\zlib\trees.h">
      <Filter>External\ZLib</Filter>
    </ClInclude>
    <ClInclude Include="src\zlib\zconf.h">
      <Filter>External\ZLib</Filter>
    </ClInclude>
    <ClInclude Include="src\zlib\zlib.h">
      <Filter>External\ZLib</Filter>
    </ClInclude>
    <ClInclude Include="src\zlib\zutil.h">
      <Filter>External\ZLib</Filter>
    </ClInclude>
    <ClInclude Include="src\lzma\C\7z.h">
      <Filter>External\Lzma</Filter>
    </ClInclude>
    <ClInclude Include="src\lzma\C\7zAlloc.h">
      <Filter>External\Lzma</Filter>
    </ClInclude>
    <ClInclude Include="src\lzma\C\7zBuf.h">
      <Filter>External\Lzma</Filter>
    </ClInclude>
    <ClInclude Include="src\lzma\C\7zCrc.h">
      <Filter>External\Lzma</Filter>
    </ClInclude>
    <ClInclude Include="src\lzma\C\7zFile.h">
      <Filter>External\Lzma</Filter>
    </ClInclude>
    <ClInclude Include="src\lzma\C\7zVersion.h">
      <Filter>External\Lzma</Filter>
    </ClInclude>
    <ClInclude Include="src\lzma\C\Alloc.h">
      <Filter>External\Lzma</Filter>
    </ClInclude>
    <ClInclude Include="src\lzma\C\Bcj2.h">
      <Filter>External\Lzma</Filter>
    </ClInclude>
    <ClInclude Include="src\lzma\C\Bra.h">
      <Filter>External\Lzma</Filter>
    </ClInclude>
    <ClInclude Include="src\lzma\C\CpuArch.h">
      <Filter>External\Lzma</Filter>
    </ClInclude>
    <ClInclude Include="src\lzma\C\Delta.h">
      <Filter>External\Lzma</Filter>
    </ClInclude>
    <ClInclude Include="src\lzma\C\LzFind.h">
      <Filter>External\Lzma</Filter>
    </ClInclude>
    <ClInclude Include="src\lzma\C\LzFindMt.h">
      <Filter>External\Lzma</Filter>
    </ClInclude>
    <ClInclude Include="src\lzma\C\LzHash.h">
      <Filter>External\Lzma</Filter>
    </ClInclude>
    <ClInclude Include="src\lzma\C\Lzma2Dec.h">
      <Filter>External\Lzma</Filter>
    </ClInclude>
    <ClInclude Include="src\lzma\C\Lzma2Enc.h">
      <Filter>External\Lzma</Filter>
    </ClInclude>
    <ClInclude Include="src\lzma\C\Lzma86.h">
      <Filter>External\Lzma</Filter>
    </ClInclude>
    <ClInclude Include="src\lzma\C\LzmaDec.h">
      <Filter>External\Lzma</Filter>
    </ClInclude>
    <ClInclude Include="src\lzma\C\LzmaEnc.h">
      <Filter>External\Lzma</Filter>
    </ClInclude>
    <ClInclude Include="src\lzma\C\LzmaLib.h">
      <Filter>External\Lzma</Filter>
    </ClInclude>
    <ClInclude Include="src\lzma\C\MtCoder.h">
      <Filter>External\Lzma</Filter>
    </ClInclude>
    <ClInclude Include="src\lzma\C\Ppmd.h">
      <Filter>External\Lzma</Filter>
    </ClInclude>
    <ClInclude Include="src\lzma\C\Ppmd7.h">
      <Filter>External\Lzma</Filter>
    </ClInclude>
    <ClInclude Include="src\lzma\C\RotateDefs.h">
      <Filter>External\Lzma</Filter>
    </ClInclude>
    <ClInclude Include="src\lzma\C\Sha256.h">
      <Filter>External\Lzma</Filter>
    </ClInclude>
    <ClInclude Include="src\lzma\C\Threads.h">
      <Filter>External\Lzma</Filter>
    </ClInclude>
    <ClInclude Include="src\lzma\C\Types.h">
      <Filter>External\Lzma</Filter>
    </ClInclude>
    <ClInclude Include="src\lzma\C\Xz.h">
      <Filter>External\Lzma</Filter>
    </ClInclude>
    <ClInclude Include="src\lzma\C\XzCrc64.h">
      <Filter>External\Lzma</Filter>
    </ClInclude>
    <ClInclude Include="src\lzma\C\XzEnc.h">
      <Filter>External\Lzma</Filter>
    </ClInclude>
    <ClInclude Include="src\ADatArchive.h">
      <Filter>Resources\Archive\Formats</Filter>
    </ClInclude>
    <ClInclude Include="src\BSPArchive.h">
      <Filter>Resources\Archive\Formats</Filter>
    </ClInclude>
    <ClInclude Include="src\BZip2Archive.h">
      <Filter>Resources\Archive\Formats</Filter>
    </ClInclude>
    <ClInclude Include="src\DatArchive.h">
      <Filter>Resources\Archive\Formats</Filter>
    </ClInclude>
    <ClInclude Include="src\GobArchive.h">
      <Filter>Resources\Archive\Formats</Filter>
    </ClInclude>
    <ClInclude Include="src\GrpArchive.h">
      <Filter>Resources\Archive\Formats</Filter>
    </ClInclude>
    <ClInclude Include="src\GZipArchive.h">
      <Filter>Resources\Archive\Formats</Filter>
    </ClInclude>
    <ClInclude Include="src\HogArchive.h">
      <Filter>Resources\Archive\Formats</Filter>
    </ClInclude>
    <ClInclude Include="src\LfdArchive.h">
      <Filter>Resources\Archive\Formats</Filter>
    </ClInclude>
    <ClInclude Include="src\LibArchive.h">
      <Filter>Resources\Archive\Formats</Filter>
    </ClInclude>
    <ClInclude Include="src\PakArchive.h">
      <Filter>Resources\Archive\Formats</Filter>
    </ClInclude>
    <ClInclude Include="src\ResArchive.h">
      <Filter>Resources\Archive\Formats</Filter>
    </ClInclude>
    <ClInclude Include="src\RffArchive.h">
      <Filter>Resources\Archive\Formats</Filter>
    </ClInclude>
    <ClInclude Include="src\TarArchive.h">
      <Filter>Resources\Archive\Formats</Filter>
    </ClInclude>
    <ClInclude Include="src\Wad2Archive.h">
      <Filter>Resources\Archive\Formats</Filter>
    </ClInclude>
    <ClInclude Include="src\WadArchive.h">
      <Filter>Resources\Archive\Formats</Filter>
    </ClInclude>
    <ClInclude Include="src\WadJArchive.h">
      <Filter>Resources\Archive\Formats</Filter>
    </ClInclude>
    <ClInclude Include="src\WolfArchive.h">
      <Filter>Resources\Archive\Formats</Filter>
    </ClInclude>
    <ClInclude Include="src\ZipArchive.h">
      <Filter>Resources\Archive\Formats</Filter>
    </ClInclude>
    <ClInclude Include="src\Archives.h">
      <Filter>Resources\Archive\Formats</Filter>
    </ClInclude>
    <ClInclude Include="src\SIFDoom.h">
      <Filter>Resources\Graphics\Image\Formats</Filter>
    </ClInclude>
    <ClInclude Include="src\SIFZDoom.h">
      <Filter>Resources\Graphics\Image\Formats</Filter>
    </ClInclude>
    <ClInclude Include="src\SIFHexen.h">
      <Filter>Resources\Graphics\Image\Formats</Filter>
    </ClInclude>
    <ClInclude Include="src\SIFImages.h">
      <Filter>Resources\Graphics\Image\Formats</Filter>
    </ClInclude>
    <ClInclude Include="src\SIFormat.h">
      <Filter>Resources\Graphics\Image\Formats</Filter>
    </ClInclude>
    <ClInclude Include="src\SIFOther.h">
      <Filter>Resources\Graphics\Image\Formats</Filter>
    </ClInclude>
    <ClInclude Include="src\SIFQuake.h">
      <Filter>Resources\Graphics\Image\Formats</Filter>
    </ClInclude>
    <ClInclude Include="src\SIFJedi.h">
      <Filter>Resources\Graphics\Image\Formats</Filter>
    </ClInclude>
    <ClInclude Include="src\SIFRott.h">
      <Filter>Resources\Graphics\Image\Formats</Filter>
    </ClInclude>
    <ClInclude Include="src\Drawing.h">
      <Filter>General</Filter>
    </ClInclude>
    <ClInclude Include="src\DockPanel.h">
      <Filter>UI Elements</Filter>
    </ClInclude>
    <ClInclude Include="src\KeyBind.h">
      <Filter>General</Filter>
    </ClInclude>
    <ClInclude Include="src\SFileDialog.h">
      <Filter>General\Utility</Filter>
    </ClInclude>
    <ClInclude Include="src\ColourConfiguration.h">
      <Filter>General</Filter>
    </ClInclude>
    <ClInclude Include="src\MCAnimations.h">
      <Filter>Map Editor\UI Elements</Filter>
    </ClInclude>
    <ClInclude Include="src\MapTextureManager.h">
      <Filter>Map Editor</Filter>
    </ClInclude>
    <ClInclude Include="src\FileMonitor.h">
      <Filter>General</Filter>
    </ClInclude>
    <ClInclude Include="src\GameConfiguration.h">
      <Filter>Map Editor\GameConfiguration</Filter>
    </ClInclude>
    <ClInclude Include="src\ActionSpecial.h">
      <Filter>Map Editor\GameConfiguration</Filter>
    </ClInclude>
    <ClInclude Include="src\Args.h">
      <Filter>Map Editor\GameConfiguration</Filter>
    </ClInclude>
    <ClInclude Include="src\ThingType.h">
      <Filter>Map Editor\GameConfiguration</Filter>
    </ClInclude>
    <ClInclude Include="src\glew\glew.h">
      <Filter>External\GLEW</Filter>
    </ClInclude>
    <ClInclude Include="src\glew\glxew.h">
      <Filter>External\GLEW</Filter>
    </ClInclude>
    <ClInclude Include="src\glew\wglew.h">
      <Filter>External\GLEW</Filter>
    </ClInclude>
    <ClInclude Include="src\MapRenderer2D.h">
      <Filter>Map Editor</Filter>
    </ClInclude>
    <ClInclude Include="src\Polygon2D.h">
      <Filter>General\Utility</Filter>
    </ClInclude>
    <ClInclude Include="src\UDMFProperty.h">
      <Filter>Map Editor\GameConfiguration</Filter>
    </ClInclude>
    <ClInclude Include="src\MapObject.h">
      <Filter>Map Editor\SLADEMap</Filter>
    </ClInclude>
    <ClInclude Include="src\ThingTypeTreeView.h">
      <Filter>Map Editor\UI Elements</Filter>
    </ClInclude>
    <ClInclude Include="src\MapEditorConfigDialog.h">
      <Filter>Dialogs</Filter>
    </ClInclude>
    <ClInclude Include="src\MapObjectPropsPanel.h">
      <Filter>Map Editor\UI Elements\MapObjectPropsPanel</Filter>
    </ClInclude>
    <ClInclude Include="src\MOPGProperty.h">
      <Filter>Map Editor\UI Elements\MapObjectPropsPanel</Filter>
    </ClInclude>
    <ClInclude Include="src\SToolBar.h">
      <Filter>UI Elements\SToolBar</Filter>
    </ClInclude>
    <ClInclude Include="src\SToolBarButton.h">
      <Filter>UI Elements\SToolBar</Filter>
    </ClInclude>
    <ClInclude Include="src\MapPreviewCanvas.h">
      <Filter>UI Elements</Filter>
    </ClInclude>
    <ClInclude Include="src\cl_notebook_art\cl_aui_notebook_art.h">
      <Filter>External\CodeLite Notebook Art</Filter>
    </ClInclude>
    <ClInclude Include="src\sfMod\sfMod.h">
      <Filter>External\sfMod</Filter>
    </ClInclude>
    <ClInclude Include="src\sfMod\modplug.h">
      <Filter>External\sfMod</Filter>
    </ClInclude>
    <ClInclude Include="src\MCOverlay.h">
      <Filter>Map Editor\UI Elements\Overlays</Filter>
    </ClInclude>
    <ClInclude Include="src\SectorTextureOverlay.h">
      <Filter>Map Editor\UI Elements\Overlays</Filter>
    </ClInclude>
    <ClInclude Include="src\LineTextureOverlay.h">
      <Filter>Map Editor\UI Elements\Overlays</Filter>
    </ClInclude>
    <ClInclude Include="src\STopWindow.h">
      <Filter>UI Elements</Filter>
    </ClInclude>
    <ClInclude Include="src\SectorBuilder.h">
      <Filter>Map Editor</Filter>
    </ClInclude>
    <ClInclude Include="src\NodeBuilders.h">
      <Filter>Map Editor</Filter>
    </ClInclude>
    <ClInclude Include="src\ShapeDrawPanel.h">
      <Filter>Map Editor\UI Elements</Filter>
    </ClInclude>
    <ClInclude Include="src\MapRenderer3D.h">
      <Filter>Map Editor</Filter>
    </ClInclude>
    <ClInclude Include="src\ScriptEditorPanel.h">
      <Filter>Map Editor\Script Editor</Filter>
    </ClInclude>
    <ClInclude Include="src\MapReplaceDialog.h">
      <Filter>Dialogs</Filter>
    </ClInclude>
    <ClInclude Include="src\Lua.h">
      <Filter>General</Filter>
    </ClInclude>
    <ClInclude Include="src\lua\lapi.h">
      <Filter>External\Lua</Filter>
    </ClInclude>
    <ClInclude Include="src\lua\lauxlib.h">
      <Filter>External\Lua</Filter>
    </ClInclude>
    <ClInclude Include="src\lua\lcode.h">
      <Filter>External\Lua</Filter>
    </ClInclude>
    <ClInclude Include="src\lua\lctype.h">
      <Filter>External\Lua</Filter>
    </ClInclude>
    <ClInclude Include="src\lua\ldebug.h">
      <Filter>External\Lua</Filter>
    </ClInclude>
    <ClInclude Include="src\lua\ldo.h">
      <Filter>External\Lua</Filter>
    </ClInclude>
    <ClInclude Include="src\lua\lfunc.h">
      <Filter>External\Lua</Filter>
    </ClInclude>
    <ClInclude Include="src\lua\lgc.h">
      <Filter>External\Lua</Filter>
    </ClInclude>
    <ClInclude Include="src\lua\llex.h">
      <Filter>External\Lua</Filter>
    </ClInclude>
    <ClInclude Include="src\lua\llimits.h">
      <Filter>External\Lua</Filter>
    </ClInclude>
    <ClInclude Include="src\lua\lmem.h">
      <Filter>External\Lua</Filter>
    </ClInclude>
    <ClInclude Include="src\lua\lobject.h">
      <Filter>External\Lua</Filter>
    </ClInclude>
    <ClInclude Include="src\lua\lopcodes.h">
      <Filter>External\Lua</Filter>
    </ClInclude>
    <ClInclude Include="src\lua\lparser.h">
      <Filter>External\Lua</Filter>
    </ClInclude>
    <ClInclude Include="src\lua\lstate.h">
      <Filter>External\Lua</Filter>
    </ClInclude>
    <ClInclude Include="src\lua\lstring.h">
      <Filter>External\Lua</Filter>
    </ClInclude>
    <ClInclude Include="src\lua\ltable.h">
      <Filter>External\Lua</Filter>
    </ClInclude>
    <ClInclude Include="src\lua\ltm.h">
      <Filter>External\Lua</Filter>
    </ClInclude>
    <ClInclude Include="src\lua\lua.h">
      <Filter>External\Lua</Filter>
    </ClInclude>
    <ClInclude Include="src\lua\lua.hpp">
      <Filter>External\Lua</Filter>
    </ClInclude>
    <ClInclude Include="src\lua\luaconf.h">
      <Filter>External\Lua</Filter>
    </ClInclude>
    <ClInclude Include="src\lua\lualib.h">
      <Filter>External\Lua</Filter>
    </ClInclude>
    <ClInclude Include="src\lua\lundump.h">
      <Filter>External\Lua</Filter>
    </ClInclude>
    <ClInclude Include="src\lua\lvm.h">
      <Filter>External\Lua</Filter>
    </ClInclude>
    <ClInclude Include="src\lua\lzio.h">
      <Filter>External\Lua</Filter>
    </ClInclude>
    <ClInclude Include="src\UndoRedo.h">
      <Filter>General</Filter>
    </ClInclude>
    <ClInclude Include="src\UndoManagerHistoryPanel.h">
      <Filter>UI Elements</Filter>
    </ClInclude>
    <ClInclude Include="src\DiskArchive.h">
      <Filter>Resources\Archive\Formats</Filter>
    </ClInclude>
    <ClInclude Include="libmodplug\load_pat.h">
      <Filter>External\libmodplug</Filter>
    </ClInclude>
    <ClInclude Include="libmodplug\modplug.h">
      <Filter>External\libmodplug</Filter>
    </ClInclude>
    <ClInclude Include="libmodplug\tables.h">
      <Filter>External\libmodplug</Filter>
    </ClInclude>
    <ClInclude Include="src\GenLineSpecial.h">
      <Filter>Map Editor\GameConfiguration</Filter>
    </ClInclude>
    <ClInclude Include="src\MapEditor.h">
      <Filter>Map Editor</Filter>
    </ClInclude>
    <ClInclude Include="src\QuickTextureOverlay3d.h">
      <Filter>Map Editor\UI Elements\Overlays</Filter>
    </ClInclude>
    <ClInclude Include="src\GenLineSpecialPanel.h">
      <Filter>Map Editor\UI Elements</Filter>
    </ClInclude>
    <ClInclude Include="src\ObjectEdit.h">
      <Filter>Map Editor</Filter>
    </ClInclude>
    <ClInclude Include="src\ObjectEditPanel.h">
      <Filter>Map Editor\UI Elements</Filter>
    </ClInclude>
    <ClInclude Include="src\Dialogs\SetupWizard\BaseResourceWizardPage.h">
      <Filter>Dialogs\SetupWizard</Filter>
    </ClInclude>
    <ClInclude Include="src\Dialogs\SetupWizard\SetupWizardDialog.h">
      <Filter>Dialogs\SetupWizard</Filter>
    </ClInclude>
    <ClInclude Include="src\Dialogs\SetupWizard\TempFolderWizardPage.h">
      <Filter>Dialogs\SetupWizard</Filter>
    </ClInclude>
    <ClInclude Include="src\Dialogs\SetupWizard\WizardPageBase.h">
      <Filter>Dialogs\SetupWizard</Filter>
    </ClInclude>
    <ClInclude Include="src\Dialogs\SetupWizard\NodeBuildersWizardPage.h">
      <Filter>Dialogs\SetupWizard</Filter>
    </ClInclude>
    <ClInclude Include="src\Dialogs\RunDialog.h">
      <Filter>Dialogs</Filter>
    </ClInclude>
    <ClInclude Include="src\Executables.h">
      <Filter>General</Filter>
    </ClInclude>
    <ClInclude Include="src\ResourceArchiveChooser.h">
      <Filter>UI Elements</Filter>
    </ClInclude>
    <ClInclude Include="src\MapChecks.h">
      <Filter>Map Editor</Filter>
    </ClInclude>
    <ClInclude Include="src\MobjPropertyList.h">
      <Filter>Map Editor\SLADEMap</Filter>
    </ClInclude>
    <ClInclude Include="src\MapChecksPanel.h">
      <Filter>Map Editor\UI Elements</Filter>
    </ClInclude>
    <ClInclude Include="src\zreaders\i_music.h">
      <Filter>External\ZReaders</Filter>
    </ClInclude>
    <ClInclude Include="src\zreaders\i_musicinterns.h">
      <Filter>External\ZReaders</Filter>
    </ClInclude>
    <ClInclude Include="src\zreaders\m_swap.h">
      <Filter>External\ZReaders</Filter>
    </ClInclude>
    <ClInclude Include="src\zreaders\mus2midi.h">
      <Filter>External\ZReaders</Filter>
    </ClInclude>
    <ClInclude Include="src\DirArchive.h">
      <Filter>Resources\Archive\Formats</Filter>
    </ClInclude>
    <ClInclude Include="src\InfoOverlay3d.h">
      <Filter>Map Editor\UI Elements\Overlays\Info</Filter>
    </ClInclude>
    <ClInclude Include="src\LineInfoOverlay.h">
      <Filter>Map Editor\UI Elements\Overlays\Info</Filter>
    </ClInclude>
    <ClInclude Include="src\SectorInfoOverlay.h">
      <Filter>Map Editor\UI Elements\Overlays\Info</Filter>
    </ClInclude>
    <ClInclude Include="src\ThingInfoOverlay.h">
      <Filter>Map Editor\UI Elements\Overlays\Info</Filter>
    </ClInclude>
    <ClInclude Include="src\VertexInfoOverlay.h">
      <Filter>Map Editor\UI Elements\Overlays\Info</Filter>
    </ClInclude>
    <ClInclude Include="src\ActionSpecialDialog.h">
      <Filter>Map Editor\UI Elements\Dialogs</Filter>
    </ClInclude>
    <ClInclude Include="src\SectorSpecialDialog.h">
      <Filter>Map Editor\UI Elements\Dialogs</Filter>
    </ClInclude>
    <ClInclude Include="src\ThingTypeBrowser.h">
      <Filter>Map Editor\UI Elements\Dialogs</Filter>
    </ClInclude>
    <ClInclude Include="src\MapTextureBrowser.h">
      <Filter>Map Editor\UI Elements\Dialogs</Filter>
    </ClInclude>
    <ClInclude Include="src\ShowItemDialog.h">
      <Filter>Map Editor\UI Elements\Dialogs</Filter>
    </ClInclude>
    <ClInclude Include="src\Dialogs\Preferences\ACSPrefsPanel.h">
      <Filter>Dialogs\Preferences</Filter>
    </ClInclude>
    <ClInclude Include="src\Dialogs\Preferences\AdvancedPrefsPanel.h">
      <Filter>Dialogs\Preferences</Filter>
    </ClInclude>
    <ClInclude Include="src\Dialogs\Preferences\AudioPrefsPanel.h">
      <Filter>Dialogs\Preferences</Filter>
    </ClInclude>
    <ClInclude Include="src\Dialogs\Preferences\BaseResourceArchivesPanel.h">
      <Filter>Dialogs\Preferences</Filter>
    </ClInclude>
    <ClInclude Include="src\Dialogs\Preferences\ColorimetryPrefsPanel.h">
      <Filter>Dialogs\Preferences</Filter>
    </ClInclude>
    <ClInclude Include="src\Dialogs\Preferences\ColourPrefsPanel.h">
      <Filter>Dialogs\Preferences</Filter>
    </ClInclude>
    <ClInclude Include="src\Dialogs\Preferences\EditingPrefsPanel.h">
      <Filter>Dialogs\Preferences</Filter>
    </ClInclude>
    <ClInclude Include="src\Dialogs\Preferences\GeneralPrefsPanel.h">
      <Filter>Dialogs\Preferences</Filter>
    </ClInclude>
    <ClInclude Include="src\Dialogs\Preferences\GraphicsPrefsPanel.h">
      <Filter>Dialogs\Preferences</Filter>
    </ClInclude>
    <ClInclude Include="src\Dialogs\Preferences\HudOffsetsPrefsPanel.h">
      <Filter>Dialogs\Preferences</Filter>
    </ClInclude>
    <ClInclude Include="src\Dialogs\Preferences\InputPrefsPanel.h">
      <Filter>Dialogs\Preferences</Filter>
    </ClInclude>
    <ClInclude Include="src\Dialogs\Preferences\InterfacePrefsPanel.h">
      <Filter>Dialogs\Preferences</Filter>
    </ClInclude>
    <ClInclude Include="src\Dialogs\Preferences\Map3DPrefsPanel.h">
      <Filter>Dialogs\Preferences</Filter>
    </ClInclude>
    <ClInclude Include="src\Dialogs\Preferences\MapDisplayPrefsPanel.h">
      <Filter>Dialogs\Preferences</Filter>
    </ClInclude>
    <ClInclude Include="src\Dialogs\Preferences\MapEditorPrefsPanel.h">
      <Filter>Dialogs\Preferences</Filter>
    </ClInclude>
    <ClInclude Include="src\Dialogs\Preferences\NodesPrefsPanel.h">
      <Filter>Dialogs\Preferences</Filter>
    </ClInclude>
    <ClInclude Include="src\Dialogs\Preferences\OpenGLPrefsPanel.h">
      <Filter>Dialogs\Preferences</Filter>
    </ClInclude>
    <ClInclude Include="src\Dialogs\Preferences\PNGPrefsPanel.h">
      <Filter>Dialogs\Preferences</Filter>
    </ClInclude>
    <ClInclude Include="src\Dialogs\Preferences\PreferencesDialog.h">
      <Filter>Dialogs\Preferences</Filter>
    </ClInclude>
    <ClInclude Include="src\Dialogs\Preferences\PrefsPanelBase.h">
      <Filter>Dialogs\Preferences</Filter>
    </ClInclude>
    <ClInclude Include="src\Dialogs\Preferences\TextEditorPrefsPanel.h">
      <Filter>Dialogs\Preferences</Filter>
    </ClInclude>
    <ClInclude Include="src\Dialogs\Preferences\TextStylePrefsPanel.h">
      <Filter>Dialogs\Preferences</Filter>
    </ClInclude>
    <ClInclude Include="src\SDialog.h">
      <Filter>UI Elements</Filter>
    </ClInclude>
    <ClInclude Include="src\LinePropsPanel.h">
      <Filter>Map Editor\UI Elements\MapObjectPropsPanel</Filter>
    </ClInclude>
    <ClInclude Include="src\SidePropsPanel.h">
      <Filter>Map Editor\UI Elements\MapObjectPropsPanel</Filter>
    </ClInclude>
    <ClInclude Include="src\SectorPropsPanel.h">
      <Filter>Map Editor\UI Elements\MapObjectPropsPanel</Filter>
    </ClInclude>
    <ClInclude Include="src\PropsPanelBase.h">
      <Filter>Map Editor\UI Elements\MapObjectPropsPanel</Filter>
    </ClInclude>
    <ClInclude Include="src\NumberTextCtrl.h">
      <Filter>UI Elements</Filter>
    </ClInclude>
    <ClInclude Include="src\ThingPropsPanel.h">
      <Filter>Map Editor\UI Elements\MapObjectPropsPanel</Filter>
    </ClInclude>
    <ClInclude Include="src\VersionCheck.h">
      <Filter>General</Filter>
    </ClInclude>
    <ClInclude Include="src\MapBackupManager.h">
      <Filter>Map Editor</Filter>
    </ClInclude>
    <ClInclude Include="src\MapBackupPanel.h">
      <Filter>Map Editor\UI Elements</Filter>
    </ClInclude>
    <ClInclude Include="src\DocsPage.h">
      <Filter>Main Editor\UI Elements</Filter>
    </ClInclude>
    <ClInclude Include="src\Dialogs\DirArchiveUpdateDialog.h">
      <Filter>Dialogs</Filter>
    </ClInclude>
  </ItemGroup>
  <ItemGroup>
    <None Include="slade.ico" />
    <None Include="stuff.txt" />
    <None Include="detect_functions.txt" />
    <None Include="dist\res\config\games\doom1.cfg">
      <Filter>Map Editor\GameConfiguration\Configurations\Games</Filter>
    </None>
    <None Include="dist\res\config\games\doom2.cfg">
      <Filter>Map Editor\GameConfiguration\Configurations\Games</Filter>
    </None>
    <None Include="dist\res\config\games\doom64.cfg">
      <Filter>Map Editor\GameConfiguration\Configurations\Games</Filter>
    </None>
    <None Include="dist\res\config\games\heretic.cfg">
      <Filter>Map Editor\GameConfiguration\Configurations\Games</Filter>
    </None>
    <None Include="dist\res\config\games\hexen.cfg">
      <Filter>Map Editor\GameConfiguration\Configurations\Games</Filter>
    </None>
    <None Include="dist\res\config\games\strife.cfg">
      <Filter>Map Editor\GameConfiguration\Configurations\Games</Filter>
    </None>
    <None Include="dist\res\config\games\include\flags_doom.cfg">
      <Filter>Map Editor\GameConfiguration\Configurations\Games\Include</Filter>
    </None>
    <None Include="dist\res\config\games\include\flags_doom64.cfg">
      <Filter>Map Editor\GameConfiguration\Configurations\Games\Include</Filter>
    </None>
    <None Include="dist\res\config\games\include\flags_hexen.cfg">
      <Filter>Map Editor\GameConfiguration\Configurations\Games\Include</Filter>
    </None>
    <None Include="dist\res\config\games\include\flags_strife.cfg">
      <Filter>Map Editor\GameConfiguration\Configurations\Games\Include</Filter>
    </None>
    <None Include="dist\res\config\games\include\props_base.cfg">
      <Filter>Map Editor\GameConfiguration\Configurations\Games\Include</Filter>
    </None>
    <None Include="dist\res\config\games\include\props_hexen.cfg">
      <Filter>Map Editor\GameConfiguration\Configurations\Games\Include</Filter>
    </None>
    <None Include="dist\res\config\games\include\sectors_doom.cfg">
      <Filter>Map Editor\GameConfiguration\Configurations\Games\Include</Filter>
    </None>
    <None Include="dist\res\config\games\include\sectors_doom64.cfg">
      <Filter>Map Editor\GameConfiguration\Configurations\Games\Include</Filter>
    </None>
    <None Include="dist\res\config\games\include\sectors_heretic.cfg">
      <Filter>Map Editor\GameConfiguration\Configurations\Games\Include</Filter>
    </None>
    <None Include="dist\res\config\games\include\sectors_hexen.cfg">
      <Filter>Map Editor\GameConfiguration\Configurations\Games\Include</Filter>
    </None>
    <None Include="dist\res\config\games\include\specials_doom1.cfg">
      <Filter>Map Editor\GameConfiguration\Configurations\Games\Include</Filter>
    </None>
    <None Include="dist\res\config\games\include\specials_doom2.cfg">
      <Filter>Map Editor\GameConfiguration\Configurations\Games\Include</Filter>
    </None>
    <None Include="dist\res\config\games\include\specials_doom64.cfg">
      <Filter>Map Editor\GameConfiguration\Configurations\Games\Include</Filter>
    </None>
    <None Include="dist\res\config\games\include\specials_heretic.cfg">
      <Filter>Map Editor\GameConfiguration\Configurations\Games\Include</Filter>
    </None>
    <None Include="dist\res\config\games\include\specials_hexen.cfg">
      <Filter>Map Editor\GameConfiguration\Configurations\Games\Include</Filter>
    </None>
    <None Include="dist\res\config\games\include\specials_strife.cfg">
      <Filter>Map Editor\GameConfiguration\Configurations\Games\Include</Filter>
    </None>
    <None Include="dist\res\config\games\include\things_common.cfg">
      <Filter>Map Editor\GameConfiguration\Configurations\Games\Include</Filter>
    </None>
    <None Include="dist\res\config\games\include\things_doom1.cfg">
      <Filter>Map Editor\GameConfiguration\Configurations\Games\Include</Filter>
    </None>
    <None Include="dist\res\config\games\include\things_doom2.cfg">
      <Filter>Map Editor\GameConfiguration\Configurations\Games\Include</Filter>
    </None>
    <None Include="dist\res\config\games\include\things_doom64.cfg">
      <Filter>Map Editor\GameConfiguration\Configurations\Games\Include</Filter>
    </None>
    <None Include="dist\res\config\games\include\things_heretic.cfg">
      <Filter>Map Editor\GameConfiguration\Configurations\Games\Include</Filter>
    </None>
    <None Include="dist\res\config\games\include\things_hexen.cfg">
      <Filter>Map Editor\GameConfiguration\Configurations\Games\Include</Filter>
    </None>
    <None Include="dist\res\config\games\include\things_strife.cfg">
      <Filter>Map Editor\GameConfiguration\Configurations\Games\Include</Filter>
    </None>
    <None Include="dist\res\config\ports\boom.cfg">
      <Filter>Map Editor\GameConfiguration\Configurations\Ports</Filter>
    </None>
    <None Include="dist\res\config\ports\eternity.cfg">
      <Filter>Map Editor\GameConfiguration\Configurations\Ports</Filter>
    </None>
    <None Include="dist\res\config\ports\zdoom.cfg">
      <Filter>Map Editor\GameConfiguration\Configurations\Ports</Filter>
    </None>
    <None Include="dist\res\config\ports\include\flags_boom.cfg">
      <Filter>Map Editor\GameConfiguration\Configurations\Ports\Include</Filter>
    </None>
    <None Include="dist\res\config\ports\include\flags_eternity.cfg">
      <Filter>Map Editor\GameConfiguration\Configurations\Ports\Include</Filter>
    </None>
    <None Include="dist\res\config\ports\include\flags_mbf.cfg">
      <Filter>Map Editor\GameConfiguration\Configurations\Ports\Include</Filter>
    </None>
    <None Include="dist\res\config\ports\include\flags_zdoom.cfg">
      <Filter>Map Editor\GameConfiguration\Configurations\Ports\Include</Filter>
    </None>
    <None Include="dist\res\config\ports\include\props_all.cfg">
      <Filter>Map Editor\GameConfiguration\Configurations\Ports\Include</Filter>
    </None>
    <None Include="dist\res\config\ports\include\props_boom.cfg">
      <Filter>Map Editor\GameConfiguration\Configurations\Ports\Include</Filter>
    </None>
    <None Include="dist\res\config\ports\include\props_zdoom.cfg">
      <Filter>Map Editor\GameConfiguration\Configurations\Ports\Include</Filter>
    </None>
    <None Include="dist\res\config\ports\include\sectors_zdoom.cfg">
      <Filter>Map Editor\GameConfiguration\Configurations\Ports\Include</Filter>
    </None>
    <None Include="dist\res\config\ports\include\specials_boom.cfg">
      <Filter>Map Editor\GameConfiguration\Configurations\Ports\Include</Filter>
    </None>
    <None Include="dist\res\config\ports\include\specials_eternity.cfg">
      <Filter>Map Editor\GameConfiguration\Configurations\Ports\Include</Filter>
    </None>
    <None Include="dist\res\config\ports\include\specials_mbf.cfg">
      <Filter>Map Editor\GameConfiguration\Configurations\Ports\Include</Filter>
    </None>
    <None Include="dist\res\config\ports\include\specials_zdoom.cfg">
      <Filter>Map Editor\GameConfiguration\Configurations\Ports\Include</Filter>
    </None>
    <None Include="dist\res\config\ports\include\things_boom.cfg">
      <Filter>Map Editor\GameConfiguration\Configurations\Ports\Include</Filter>
    </None>
    <None Include="dist\res\config\ports\include\things_eternity.cfg">
      <Filter>Map Editor\GameConfiguration\Configurations\Ports\Include</Filter>
    </None>
    <None Include="dist\res\config\ports\include\things_mbf.cfg">
      <Filter>Map Editor\GameConfiguration\Configurations\Ports\Include</Filter>
    </None>
    <None Include="dist\res\config\ports\include\things_musinfo.cfg">
      <Filter>Map Editor\GameConfiguration\Configurations\Ports\Include</Filter>
    </None>
    <None Include="dist\res\config\ports\include\things_zdoom.cfg">
      <Filter>Map Editor\GameConfiguration\Configurations\Ports\Include</Filter>
    </None>
    <None Include="dist\res\config\games\chex1.cfg">
      <Filter>Map Editor\GameConfiguration\Configurations\Games</Filter>
    </None>
    <None Include="dist\res\config\games\chex3.cfg">
      <Filter>Map Editor\GameConfiguration\Configurations\Games</Filter>
    </None>
    <None Include="dist\res\config\games\include\things_chex1.cfg">
      <Filter>Map Editor\GameConfiguration\Configurations\Games\Include</Filter>
    </None>
    <None Include="dist\res\config\games\include\things_chex3.cfg">
      <Filter>Map Editor\GameConfiguration\Configurations\Games\Include</Filter>
    </None>
  </ItemGroup>
  <ItemGroup>
    <ResourceCompile Include="SLADE.rc" />
  </ItemGroup>
</Project>