Microsoft Visual Studio Solution File, Format Version 12.00
# Visual Studio Version 16
VisualStudioVersion = 16.0.28917.181
MinimumVisualStudioVersion = 10.0.40219.1
Project("{8BC9CEB8-8B4A-11D0-8D11-00A0C91BC942}") = "SLADE", "SLADE.vcxproj", "{33CC5FBD-4EB0-48A9-9069-0EC0B5FF5A46}"
EndProject
Global
	GlobalSection(SolutionConfigurationPlatforms) = preSolution
		Debug - vckpg, static|Win32 = Debug - vckpg, static|Win32
		Debug - vckpg, static|x64 = Debug - vckpg, static|x64
		Debug|Win32 = Debug|Win32
		Debug|x64 = Debug|x64
		Release - FTGL|Win32 = Release - FTGL|Win32
		Release - FTGL|x64 = Release - FTGL|x64
		Release - No WebView|Win32 = Release - No WebView|Win32
		Release - No WebView|x64 = Release - No WebView|x64
		Release - vcpkg, static|Win32 = Release - vcpkg, static|Win32
		Release - vcpkg, static|x64 = Release - vcpkg, static|x64
		Release|Win32 = Release|Win32
		Release|x64 = Release|x64
	EndGlobalSection
	GlobalSection(ProjectConfigurationPlatforms) = postSolution
		{33CC5FBD-4EB0-48A9-9069-0EC0B5FF5A46}.Debug - vckpg, static|Win32.ActiveCfg = Debug - vckpg, static|Win32
		{33CC5FBD-4EB0-48A9-9069-0EC0B5FF5A46}.Debug - vckpg, static|Win32.Build.0 = Debug - vckpg, static|Win32
		{33CC5FBD-4EB0-48A9-9069-0EC0B5FF5A46}.Debug - vckpg, static|x64.ActiveCfg = Debug - vckpg, static|x64
		{33CC5FBD-4EB0-48A9-9069-0EC0B5FF5A46}.Debug - vckpg, static|x64.Build.0 = Debug - vckpg, static|x64
		{33CC5FBD-4EB0-48A9-9069-0EC0B5FF5A46}.Debug|Win32.ActiveCfg = Debug|Win32
		{33CC5FBD-4EB0-48A9-9069-0EC0B5FF5A46}.Debug|Win32.Build.0 = Debug|Win32
		{33CC5FBD-4EB0-48A9-9069-0EC0B5FF5A46}.Debug|x64.ActiveCfg = Debug|x64
		{33CC5FBD-4EB0-48A9-9069-0EC0B5FF5A46}.Debug|x64.Build.0 = Debug|x64
		{33CC5FBD-4EB0-48A9-9069-0EC0B5FF5A46}.Release - FTGL|Win32.ActiveCfg = Release - FTGL|Win32
		{33CC5FBD-4EB0-48A9-9069-0EC0B5FF5A46}.Release - FTGL|Win32.Build.0 = Release - FTGL|Win32
		{33CC5FBD-4EB0-48A9-9069-0EC0B5FF5A46}.Release - FTGL|x64.ActiveCfg = Release - FTGL|x64
		{33CC5FBD-4EB0-48A9-9069-0EC0B5FF5A46}.Release - FTGL|x64.Build.0 = Release - FTGL|x64
		{33CC5FBD-4EB0-48A9-9069-0EC0B5FF5A46}.Release - No WebView|Win32.ActiveCfg = Release - No WebView|Win32
		{33CC5FBD-4EB0-48A9-9069-0EC0B5FF5A46}.Release - No WebView|Win32.Build.0 = Release - No WebView|Win32
		{33CC5FBD-4EB0-48A9-9069-0EC0B5FF5A46}.Release - No WebView|x64.ActiveCfg = Release - No WebView|x64
		{33CC5FBD-4EB0-48A9-9069-0EC0B5FF5A46}.Release - No WebView|x64.Build.0 = Release - No WebView|x64
		{33CC5FBD-4EB0-48A9-9069-0EC0B5FF5A46}.Release - vcpkg, static|Win32.ActiveCfg = Release - vcpkg, static|Win32
		{33CC5FBD-4EB0-48A9-9069-0EC0B5FF5A46}.Release - vcpkg, static|Win32.Build.0 = Release - vcpkg, static|Win32
		{33CC5FBD-4EB0-48A9-9069-0EC0B5FF5A46}.Release - vcpkg, static|x64.ActiveCfg = Release - vcpkg, static|x64
		{33CC5FBD-4EB0-48A9-9069-0EC0B5FF5A46}.Release - vcpkg, static|x64.Build.0 = Release - vcpkg, static|x64
		{33CC5FBD-4EB0-48A9-9069-0EC0B5FF5A46}.Release|Win32.ActiveCfg = Release|Win32
		{33CC5FBD-4EB0-48A9-9069-0EC0B5FF5A46}.Release|Win32.Build.0 = Release|Win32
		{33CC5FBD-4EB0-48A9-9069-0EC0B5FF5A46}.Release|x64.ActiveCfg = Release|x64
		{33CC5FBD-4EB0-48A9-9069-0EC0B5FF5A46}.Release|x64.Build.0 = Release|x64
	EndGlobalSection
	GlobalSection(SolutionProperties) = preSolution
		HideSolutionNode = FALSE
	EndGlobalSection
	GlobalSection(ExtensibilityGlobals) = postSolution
		SolutionGuid = {F6ECFBF8-A5C2-4BA3-9E4F-14385D061077}
	EndGlobalSection
EndGlobal
